// !$*UTF8*$!
{
	archiveVersion = 1;
	classes = {
	};
	objectVersion = 46;
	objects = {

/* Begin PBXBuildFile section */
		5E0324651942F4CD006EEA24 /* RegistrationVC.m in Sources */ = {isa = PBXBuildFile; fileRef = 5E0324631942F4CD006EEA24 /* RegistrationVC.m */; };
		5E0324661942F4CD006EEA24 /* RegistrationVC.xib in Resources */ = {isa = PBXBuildFile; fileRef = 5E0324641942F4CD006EEA24 /* RegistrationVC.xib */; };
		5E0324701942FBB7006EEA24 /* ic_app.png in Resources */ = {isa = PBXBuildFile; fileRef = 5E03246A1942FBB7006EEA24 /* ic_app.png */; };
		5E0324731942FBB7006EEA24 /* ic_back.png in Resources */ = {isa = PBXBuildFile; fileRef = 5E03246D1942FBB7006EEA24 /* ic_back.png */; };
		5E04AF03194FFC70003F6CD4 /* PPRevealSideViewController.m in Sources */ = {isa = PBXBuildFile; fileRef = 5E04AF02194FFC70003F6CD4 /* PPRevealSideViewController.m */; };
		5E04AF07194FFD7E003F6CD4 /* NavigationHomeVC.m in Sources */ = {isa = PBXBuildFile; fileRef = 5E04AF05194FFD7E003F6CD4 /* NavigationHomeVC.m */; };
		5E04AF08194FFD7E003F6CD4 /* NavigationHomeVC.xib in Resources */ = {isa = PBXBuildFile; fileRef = 5E04AF06194FFD7E003F6CD4 /* NavigationHomeVC.xib */; };
		5E04AF1019500608003F6CD4 /* TableViewCell.m in Sources */ = {isa = PBXBuildFile; fileRef = 5E04AF0E19500608003F6CD4 /* TableViewCell.m */; };
		5E04AF1119500608003F6CD4 /* TableViewCell.xib in Resources */ = {isa = PBXBuildFile; fileRef = 5E04AF0F19500608003F6CD4 /* TableViewCell.xib */; };
		5E04AF4D19505CBD003F6CD4 /* default_profile_home.png in Resources */ = {isa = PBXBuildFile; fileRef = 5E04AF4119505CBD003F6CD4 /* default_profile_home.png */; };
		5E04AF4E19505CBD003F6CD4 /* ic_about_us.png in Resources */ = {isa = PBXBuildFile; fileRef = 5E04AF4219505CBD003F6CD4 /* ic_about_us.png */; };
		5E04AF5019505CBD003F6CD4 /* ic_file_new_report.png in Resources */ = {isa = PBXBuildFile; fileRef = 5E04AF4419505CBD003F6CD4 /* ic_file_new_report.png */; };
		5E04AF5119505CBD003F6CD4 /* ic_nav_emergency_numbers.png in Resources */ = {isa = PBXBuildFile; fileRef = 5E04AF4519505CBD003F6CD4 /* ic_nav_emergency_numbers.png */; };
		5E04AF5219505CBD003F6CD4 /* ic_nav_feedback.png in Resources */ = {isa = PBXBuildFile; fileRef = 5E04AF4619505CBD003F6CD4 /* ic_nav_feedback.png */; };
		5E04AF5319505CBD003F6CD4 /* ic_nav_home.png in Resources */ = {isa = PBXBuildFile; fileRef = 5E04AF4719505CBD003F6CD4 /* ic_nav_home.png */; };
		5E04AF5419505CBD003F6CD4 /* ic_nav_logout.png in Resources */ = {isa = PBXBuildFile; fileRef = 5E04AF4819505CBD003F6CD4 /* ic_nav_logout.png */; };
		5E04AF5519505CBD003F6CD4 /* ic_nav_rate_us.png in Resources */ = {isa = PBXBuildFile; fileRef = 5E04AF4919505CBD003F6CD4 /* ic_nav_rate_us.png */; };
		5E04AF5619505CBD003F6CD4 /* ic_nav_share_app.png in Resources */ = {isa = PBXBuildFile; fileRef = 5E04AF4A19505CBD003F6CD4 /* ic_nav_share_app.png */; };
		5E04AF5719505CBD003F6CD4 /* ic_report_sighting.png in Resources */ = {isa = PBXBuildFile; fileRef = 5E04AF4B19505CBD003F6CD4 /* ic_report_sighting.png */; };
		5E04AF5819505CBD003F6CD4 /* ic_updates.png in Resources */ = {isa = PBXBuildFile; fileRef = 5E04AF4C19505CBD003F6CD4 /* ic_updates.png */; };
		5E04AF5A195066AF003F6CD4 /* MapKit.framework in Frameworks */ = {isa = PBXBuildFile; fileRef = 5E04AF59195066AF003F6CD4 /* MapKit.framework */; };
		5E05DCC9195EBDE90081256F /* default_profile_home@1x.png in Resources */ = {isa = PBXBuildFile; fileRef = 5E05DCC5195EBDE90081256F /* default_profile_home@1x.png */; };
		5E05DCCA195EBDE90081256F /* default_profile_home@2x.png in Resources */ = {isa = PBXBuildFile; fileRef = 5E05DCC6195EBDE90081256F /* default_profile_home@2x.png */; };
		5E05DCCB195EBDE90081256F /* default_profile@1x.png in Resources */ = {isa = PBXBuildFile; fileRef = 5E05DCC7195EBDE90081256F /* default_profile@1x.png */; };
		5E05DCCC195EBDE90081256F /* default_profile@2x.png in Resources */ = {isa = PBXBuildFile; fileRef = 5E05DCC8195EBDE90081256F /* default_profile@2x.png */; };
		5E095173194177E400DC97E2 /* vehicle_graphic(5).png in Resources */ = {isa = PBXBuildFile; fileRef = 5E095172194177E400DC97E2 /* vehicle_graphic(5).png */; };
		5E09517719417AEF00DC97E2 /* btn_login_with_facebook(5).png in Resources */ = {isa = PBXBuildFile; fileRef = 5E09517419417AEF00DC97E2 /* btn_login_with_facebook(5).png */; };
		5E09517819417AEF00DC97E2 /* btn_login(5).png in Resources */ = {isa = PBXBuildFile; fileRef = 5E09517519417AEF00DC97E2 /* btn_login(5).png */; };
		5E09517919417AEF00DC97E2 /* btn_register(5).png in Resources */ = {isa = PBXBuildFile; fileRef = 5E09517619417AEF00DC97E2 /* btn_register(5).png */; };
		5E09517B19417C9B00DC97E2 /* login_btn_bg.png in Resources */ = {isa = PBXBuildFile; fileRef = 5E09517A19417C9B00DC97E2 /* login_btn_bg.png */; };
		5E0951871941C85B00DC97E2 /* SVProgressHUD.m in Sources */ = {isa = PBXBuildFile; fileRef = 5E0951851941C85B00DC97E2 /* SVProgressHUD.m */; };
		5E815EA51940832700CEAFAB /* Foundation.framework in Frameworks */ = {isa = PBXBuildFile; fileRef = 5E815EA41940832700CEAFAB /* Foundation.framework */; };
		5E815EA71940832700CEAFAB /* CoreGraphics.framework in Frameworks */ = {isa = PBXBuildFile; fileRef = 5E815EA61940832700CEAFAB /* CoreGraphics.framework */; };
		5E815EA91940832700CEAFAB /* UIKit.framework in Frameworks */ = {isa = PBXBuildFile; fileRef = 5E815EA81940832700CEAFAB /* UIKit.framework */; };
		5E815EAF1940832700CEAFAB /* InfoPlist.strings in Resources */ = {isa = PBXBuildFile; fileRef = 5E815EAD1940832700CEAFAB /* InfoPlist.strings */; };
		5E815EB11940832700CEAFAB /* main.m in Sources */ = {isa = PBXBuildFile; fileRef = 5E815EB01940832700CEAFAB /* main.m */; };
		5E815EB51940832700CEAFAB /* AppDelegate.m in Sources */ = {isa = PBXBuildFile; fileRef = 5E815EB41940832700CEAFAB /* AppDelegate.m */; };
		5E815EB71940832700CEAFAB /* Images.xcassets in Resources */ = {isa = PBXBuildFile; fileRef = 5E815EB61940832700CEAFAB /* Images.xcassets */; };
		5E815EBE1940832700CEAFAB /* XCTest.framework in Frameworks */ = {isa = PBXBuildFile; fileRef = 5E815EBD1940832700CEAFAB /* XCTest.framework */; };
		5E815EBF1940832700CEAFAB /* Foundation.framework in Frameworks */ = {isa = PBXBuildFile; fileRef = 5E815EA41940832700CEAFAB /* Foundation.framework */; };
		5E815EC01940832700CEAFAB /* UIKit.framework in Frameworks */ = {isa = PBXBuildFile; fileRef = 5E815EA81940832700CEAFAB /* UIKit.framework */; };
		5E815EC81940832700CEAFAB /* InfoPlist.strings in Resources */ = {isa = PBXBuildFile; fileRef = 5E815EC61940832700CEAFAB /* InfoPlist.strings */; };
		5E815ECA1940832700CEAFAB /* CrimeStopperTests.m in Sources */ = {isa = PBXBuildFile; fileRef = 5E815EC91940832700CEAFAB /* CrimeStopperTests.m */; };
		5E815EDC1940859F00CEAFAB /* HomeScreenVC.m in Sources */ = {isa = PBXBuildFile; fileRef = 5E815EDA1940859F00CEAFAB /* HomeScreenVC.m */; };
		5E815EDD1940859F00CEAFAB /* HomeScreenVC.xib in Resources */ = {isa = PBXBuildFile; fileRef = 5E815EDB1940859F00CEAFAB /* HomeScreenVC.xib */; };
		5E815EDF1940899C00CEAFAB /* splashscreen_640x1136.png in Resources */ = {isa = PBXBuildFile; fileRef = 5E815EDE1940899C00CEAFAB /* splashscreen_640x1136.png */; };
		5E815EE319408CE900CEAFAB /* DisclaimerViewController.m in Sources */ = {isa = PBXBuildFile; fileRef = 5E815EE119408CE900CEAFAB /* DisclaimerViewController.m */; };
		5E815EE419408CE900CEAFAB /* DisclaimerViewController.xib in Resources */ = {isa = PBXBuildFile; fileRef = 5E815EE219408CE900CEAFAB /* DisclaimerViewController.xib */; };
		5E815EE619408DFD00CEAFAB /* disclaimer_bg.png in Resources */ = {isa = PBXBuildFile; fileRef = 5E815EE519408DFD00CEAFAB /* disclaimer_bg.png */; };
		5E815EEA1940949500CEAFAB /* LoginVC.m in Sources */ = {isa = PBXBuildFile; fileRef = 5E815EE81940949500CEAFAB /* LoginVC.m */; };
		5E815EEB1940949500CEAFAB /* LoginVC.xib in Resources */ = {isa = PBXBuildFile; fileRef = 5E815EE91940949500CEAFAB /* LoginVC.xib */; };
		5E815EED194095D400CEAFAB /* i_agree.png in Resources */ = {isa = PBXBuildFile; fileRef = 5E815EEC194095D400CEAFAB /* i_agree.png */; };
		5E9CCB981949AEFA006B43AE /* Parse.framework in Frameworks */ = {isa = PBXBuildFile; fileRef = 5E9CCB971949AEFA006B43AE /* Parse.framework */; };
		5E9CCB9A1949AF2A006B43AE /* AudioToolbox.framework in Frameworks */ = {isa = PBXBuildFile; fileRef = 5E9CCB991949AF2A006B43AE /* AudioToolbox.framework */; };
		5E9CCB9C1949AF44006B43AE /* CFNetwork.framework in Frameworks */ = {isa = PBXBuildFile; fileRef = 5E9CCB9B1949AF44006B43AE /* CFNetwork.framework */; };
		5E9CCB9E1949AF56006B43AE /* CoreLocation.framework in Frameworks */ = {isa = PBXBuildFile; fileRef = 5E9CCB9D1949AF56006B43AE /* CoreLocation.framework */; };
		5E9CCBA01949AF68006B43AE /* libz.1.1.3.dylib in Frameworks */ = {isa = PBXBuildFile; fileRef = 5E9CCB9F1949AF68006B43AE /* libz.1.1.3.dylib */; };
		5E9CCBA21949AF73006B43AE /* MobileCoreServices.framework in Frameworks */ = {isa = PBXBuildFile; fileRef = 5E9CCBA11949AF73006B43AE /* MobileCoreServices.framework */; };
		5E9CCBA41949AF81006B43AE /* QuartzCore.framework in Frameworks */ = {isa = PBXBuildFile; fileRef = 5E9CCBA31949AF81006B43AE /* QuartzCore.framework */; };
		5E9CCBA61949AF8D006B43AE /* StoreKit.framework in Frameworks */ = {isa = PBXBuildFile; fileRef = 5E9CCBA51949AF8D006B43AE /* StoreKit.framework */; };
		5E9CCBA81949AF9C006B43AE /* SystemConfiguration.framework in Frameworks */ = {isa = PBXBuildFile; fileRef = 5E9CCBA71949AF9C006B43AE /* SystemConfiguration.framework */; };
		5E9CCE931949B29E006B43AE /* Security.framework in Frameworks */ = {isa = PBXBuildFile; fileRef = 5E9CCE921949B29E006B43AE /* Security.framework */; };
		5E9CCE961949B439006B43AE /* FBUserSettingsViewResources.bundle in Frameworks */ = {isa = PBXBuildFile; fileRef = 5E9CCE951949B439006B43AE /* FBUserSettingsViewResources.bundle */; };
		5E9CCE9A1949B8AE006B43AE /* UserDetailsViewController.m in Sources */ = {isa = PBXBuildFile; fileRef = 5E9CCE981949B8AE006B43AE /* UserDetailsViewController.m */; };
		5E9CD34A1949BD85006B43AE /* FacebookSDK.framework in Frameworks */ = {isa = PBXBuildFile; fileRef = 5E9CD3491949BD85006B43AE /* FacebookSDK.framework */; };
		5E9CD34C1949BDA5006B43AE /* FacebookSDK.framework in Frameworks */ = {isa = PBXBuildFile; fileRef = 5E9CD34B1949BDA5006B43AE /* FacebookSDK.framework */; };
		5E9E35D319544CE500485733 /* im_next@1x.png in Resources */ = {isa = PBXBuildFile; fileRef = 5E9E35D119544CE500485733 /* im_next@1x.png */; };
		5E9E35D419544CE500485733 /* im_previous@1x.png in Resources */ = {isa = PBXBuildFile; fileRef = 5E9E35D219544CE500485733 /* im_previous@1x.png */; };
		5EA4BC70195D2C13006B4B5A /* AddDetailsVC.m in Sources */ = {isa = PBXBuildFile; fileRef = 5EA4BC6E195D2C13006B4B5A /* AddDetailsVC.m */; };
		5EA4BC71195D2C13006B4B5A /* AddDetailsVC.xib in Resources */ = {isa = PBXBuildFile; fileRef = 5EA4BC6F195D2C13006B4B5A /* AddDetailsVC.xib */; };
		5EA4BC75195D7BF1006B4B5A /* EditDetailsVC.m in Sources */ = {isa = PBXBuildFile; fileRef = 5EA4BC73195D7BF1006B4B5A /* EditDetailsVC.m */; };
		5EA4BC76195D7BF1006B4B5A /* EditDetailsVC.xib in Resources */ = {isa = PBXBuildFile; fileRef = 5EA4BC74195D7BF1006B4B5A /* EditDetailsVC.xib */; };
		5EE8C8F119514BFD009550A1 /* ic_drawer.png in Resources */ = {isa = PBXBuildFile; fileRef = 5EE8C8F019514BFD009550A1 /* ic_drawer.png */; };
		5EE8C8F519514F36009550A1 /* AboutUsVC.m in Sources */ = {isa = PBXBuildFile; fileRef = 5EE8C8F319514F36009550A1 /* AboutUsVC.m */; };
		5EE8C8F619514F36009550A1 /* AboutUsVC.xib in Resources */ = {isa = PBXBuildFile; fileRef = 5EE8C8F419514F36009550A1 /* AboutUsVC.xib */; };
		5EE8C8FD19515089009550A1 /* bullet.png in Resources */ = {isa = PBXBuildFile; fileRef = 5EE8C8F819515089009550A1 /* bullet.png */; };
		5EE8C8FE19515089009550A1 /* ic_call.png in Resources */ = {isa = PBXBuildFile; fileRef = 5EE8C8F919515089009550A1 /* ic_call.png */; };
		5EE8C8FF19515089009550A1 /* ic_map.png in Resources */ = {isa = PBXBuildFile; fileRef = 5EE8C8FA19515089009550A1 /* ic_map.png */; };
		5EE8C90019515089009550A1 /* im_about_us.png in Resources */ = {isa = PBXBuildFile; fileRef = 5EE8C8FB19515089009550A1 /* im_about_us.png */; };
		5EE8C90119515089009550A1 /* seperator.png in Resources */ = {isa = PBXBuildFile; fileRef = 5EE8C8FC19515089009550A1 /* seperator.png */; };
		5EE8C90519517553009550A1 /* EmergencyNoVC.m in Sources */ = {isa = PBXBuildFile; fileRef = 5EE8C90319517553009550A1 /* EmergencyNoVC.m */; };
		5EE8C90619517553009550A1 /* EmergencyNoVC.xib in Resources */ = {isa = PBXBuildFile; fileRef = 5EE8C90419517553009550A1 /* EmergencyNoVC.xib */; };
		5EE8C90D19518BAB009550A1 /* ic_police_assistance.png in Resources */ = {isa = PBXBuildFile; fileRef = 5EE8C90819518BAB009550A1 /* ic_police_assistance.png */; };
		5EE8C90E19518BAB009550A1 /* ic_raa.png in Resources */ = {isa = PBXBuildFile; fileRef = 5EE8C90919518BAB009550A1 /* ic_raa.png */; };
		5EE8C90F19518BAB009550A1 /* ic_suburban_taxi.png in Resources */ = {isa = PBXBuildFile; fileRef = 5EE8C90A19518BAB009550A1 /* ic_suburban_taxi.png */; };
		5EE8C91019518BAB009550A1 /* ic_tow_truck.png in Resources */ = {isa = PBXBuildFile; fileRef = 5EE8C90B19518BAB009550A1 /* ic_tow_truck.png */; };
		5EE8C91119518BAB009550A1 /* phone.png in Resources */ = {isa = PBXBuildFile; fileRef = 5EE8C90C19518BAB009550A1 /* phone.png */; };
		5EE8C9161951AAEB009550A1 /* FeedBackVC.m in Sources */ = {isa = PBXBuildFile; fileRef = 5EE8C9141951AAEB009550A1 /* FeedBackVC.m */; };
		5EE8C9171951AAEB009550A1 /* FeedBackVC.xib in Resources */ = {isa = PBXBuildFile; fileRef = 5EE8C9151951AAEB009550A1 /* FeedBackVC.xib */; };
		5EE8C91D1951AFFA009550A1 /* star_highlighted@2x.png in Resources */ = {isa = PBXBuildFile; fileRef = 5EE8C9191951AFFA009550A1 /* star_highlighted@2x.png */; };
		5EE8C91E1951AFFA009550A1 /* star_highlighted.png in Resources */ = {isa = PBXBuildFile; fileRef = 5EE8C91A1951AFFA009550A1 /* star_highlighted.png */; };
		5EE8C91F1951AFFA009550A1 /* star@2x.png in Resources */ = {isa = PBXBuildFile; fileRef = 5EE8C91B1951AFFA009550A1 /* star@2x.png */; };
		5EE8C9201951AFFA009550A1 /* star.png in Resources */ = {isa = PBXBuildFile; fileRef = 5EE8C91C1951AFFA009550A1 /* star.png */; };
		5EEF21751955A3FB00A0BA3F /* app_icon_58x58.png in Resources */ = {isa = PBXBuildFile; fileRef = 5EEF216F1955A3FB00A0BA3F /* app_icon_58x58.png */; };
		5EEF21761955A3FB00A0BA3F /* app_icon_80x80.png in Resources */ = {isa = PBXBuildFile; fileRef = 5EEF21701955A3FB00A0BA3F /* app_icon_80x80.png */; };
		5EEF21771955A3FB00A0BA3F /* app_icon_120x120.png in Resources */ = {isa = PBXBuildFile; fileRef = 5EEF21711955A3FB00A0BA3F /* app_icon_120x120.png */; };
		5EEF21781955A3FB00A0BA3F /* app_icon_512x512.png in Resources */ = {isa = PBXBuildFile; fileRef = 5EEF21721955A3FB00A0BA3F /* app_icon_512x512.png */; };
		5EEF21791955A3FB00A0BA3F /* app_icon_1024x1024.png in Resources */ = {isa = PBXBuildFile; fileRef = 5EEF21731955A3FB00A0BA3F /* app_icon_1024x1024.png */; };
		5EEF217A1955A3FB00A0BA3F /* splashscreen@2x.png in Resources */ = {isa = PBXBuildFile; fileRef = 5EEF21741955A3FB00A0BA3F /* splashscreen@2x.png */; };
		5EEF217E1955AC1900A0BA3F /* CrimeStopper-Info.plist in Resources */ = {isa = PBXBuildFile; fileRef = 5EEF217D1955AC1900A0BA3F /* CrimeStopper-Info.plist */; };
		5EEF21931955B44300A0BA3F /* male_inactive.png in Resources */ = {isa = PBXBuildFile; fileRef = 5EEF218F1955B44300A0BA3F /* male_inactive.png */; };
		5EEF21941955B44300A0BA3F /* male_active.png in Resources */ = {isa = PBXBuildFile; fileRef = 5EEF21901955B44300A0BA3F /* male_active.png */; };
		5EEF21951955B44300A0BA3F /* female_inactive.png in Resources */ = {isa = PBXBuildFile; fileRef = 5EEF21911955B44300A0BA3F /* female_inactive.png */; };
		5EEF21961955B44300A0BA3F /* female_active.png in Resources */ = {isa = PBXBuildFile; fileRef = 5EEF21921955B44300A0BA3F /* female_active.png */; };
		5EF2C4EB1953127900781789 /* login_bg(5).png in Resources */ = {isa = PBXBuildFile; fileRef = 5EF2C4EA1953127900781789 /* login_bg(5).png */; };
		5EF4DF3E194AF66C00061EF3 /* LoginWithFacebookVC.m in Sources */ = {isa = PBXBuildFile; fileRef = 5EF4DF3C194AF66C00061EF3 /* LoginWithFacebookVC.m */; };
		5EF4DF3F194AF66C00061EF3 /* LoginWithFacebookVC.xib in Resources */ = {isa = PBXBuildFile; fileRef = 5EF4DF3D194AF66C00061EF3 /* LoginWithFacebookVC.xib */; };
		5EF532571947394C00BFD255 /* HomePageVC.m in Sources */ = {isa = PBXBuildFile; fileRef = 5EF532551947394C00BFD255 /* HomePageVC.m */; };
		5EF532581947394C00BFD255 /* HomePageVC.xib in Resources */ = {isa = PBXBuildFile; fileRef = 5EF532561947394C00BFD255 /* HomePageVC.xib */; };
		5EFB8D15195A959B003B6042 /* AssetsLibrary.framework in Frameworks */ = {isa = PBXBuildFile; fileRef = 5EFB8D14195A959B003B6042 /* AssetsLibrary.framework */; };
		5EFE9186195945440014669E /* UserProfileVC.m in Sources */ = {isa = PBXBuildFile; fileRef = 5EFE9184195945440014669E /* UserProfileVC.m */; };
		5EFE9187195945440014669E /* UserProfileVC.xib in Resources */ = {isa = PBXBuildFile; fileRef = 5EFE9185195945440014669E /* UserProfileVC.xib */; };
		5EFE9191195948D80014669E /* default_profile_bg.png in Resources */ = {isa = PBXBuildFile; fileRef = 5EFE9189195948D80014669E /* default_profile_bg.png */; };
		5EFE9192195948D80014669E /* default_profile.png in Resources */ = {isa = PBXBuildFile; fileRef = 5EFE918A195948D80014669E /* default_profile.png */; };
		5EFE9193195948D80014669E /* edit_white.png in Resources */ = {isa = PBXBuildFile; fileRef = 5EFE918B195948D80014669E /* edit_white.png */; };
		5EFE9194195948D80014669E /* ic_female.png in Resources */ = {isa = PBXBuildFile; fileRef = 5EFE918C195948D80014669E /* ic_female.png */; };
		5EFE9195195948D80014669E /* ic_male.png in Resources */ = {isa = PBXBuildFile; fileRef = 5EFE918D195948D80014669E /* ic_male.png */; };
		5EFE9196195948D80014669E /* incomplete.png in Resources */ = {isa = PBXBuildFile; fileRef = 5EFE918E195948D80014669E /* incomplete.png */; };
		5EFE9197195948D80014669E /* points_design.png in Resources */ = {isa = PBXBuildFile; fileRef = 5EFE918F195948D80014669E /* points_design.png */; };
		5EFE9198195948D80014669E /* profile_bar.png in Resources */ = {isa = PBXBuildFile; fileRef = 5EFE9190195948D80014669E /* profile_bar.png */; };
		5EFE919C195964700014669E /* THProgressView.m in Sources */ = {isa = PBXBuildFile; fileRef = 5EFE919B195964700014669E /* THProgressView.m */; };
		5EFFBC26195C00B0003679C6 /* AFHTTPRequestOperation.m in Sources */ = {isa = PBXBuildFile; fileRef = 5EFFBB97195C00B0003679C6 /* AFHTTPRequestOperation.m */; };
		5EFFBC27195C00B0003679C6 /* AFHTTPRequestOperationManager.m in Sources */ = {isa = PBXBuildFile; fileRef = 5EFFBB99195C00B0003679C6 /* AFHTTPRequestOperationManager.m */; };
		5EFFBC28195C00B0003679C6 /* AFHTTPSessionManager.m in Sources */ = {isa = PBXBuildFile; fileRef = 5EFFBB9B195C00B0003679C6 /* AFHTTPSessionManager.m */; };
		5EFFBC29195C00B0003679C6 /* AFNetworkReachabilityManager.m in Sources */ = {isa = PBXBuildFile; fileRef = 5EFFBB9E195C00B0003679C6 /* AFNetworkReachabilityManager.m */; };
		5EFFBC2A195C00B0003679C6 /* AFSecurityPolicy.m in Sources */ = {isa = PBXBuildFile; fileRef = 5EFFBBA0195C00B0003679C6 /* AFSecurityPolicy.m */; };
		5EFFBC2B195C00B0003679C6 /* AFURLConnectionOperation.m in Sources */ = {isa = PBXBuildFile; fileRef = 5EFFBBA2195C00B0003679C6 /* AFURLConnectionOperation.m */; };
		5EFFBC2C195C00B0003679C6 /* AFURLRequestSerialization.m in Sources */ = {isa = PBXBuildFile; fileRef = 5EFFBBA4195C00B0003679C6 /* AFURLRequestSerialization.m */; };
		5EFFBC2D195C00B0003679C6 /* AFURLResponseSerialization.m in Sources */ = {isa = PBXBuildFile; fileRef = 5EFFBBA6195C00B0003679C6 /* AFURLResponseSerialization.m */; };
		5EFFBC2E195C00B0003679C6 /* AFURLSessionManager.m in Sources */ = {isa = PBXBuildFile; fileRef = 5EFFBBA8195C00B0003679C6 /* AFURLSessionManager.m */; };
		5EFFBC6D195C00B0003679C6 /* AFNetworkActivityIndicatorManager.m in Sources */ = {isa = PBXBuildFile; fileRef = 5EFFBC14195C00B0003679C6 /* AFNetworkActivityIndicatorManager.m */; };
		5EFFBC6E195C00B0003679C6 /* UIActivityIndicatorView+AFNetworking.m in Sources */ = {isa = PBXBuildFile; fileRef = 5EFFBC16195C00B0003679C6 /* UIActivityIndicatorView+AFNetworking.m */; };
		5EFFBC6F195C00B0003679C6 /* UIAlertView+AFNetworking.m in Sources */ = {isa = PBXBuildFile; fileRef = 5EFFBC18195C00B0003679C6 /* UIAlertView+AFNetworking.m */; };
		5EFFBC70195C00B0003679C6 /* UIButton+AFNetworking.m in Sources */ = {isa = PBXBuildFile; fileRef = 5EFFBC1A195C00B0003679C6 /* UIButton+AFNetworking.m */; };
		5EFFBC71195C00B0003679C6 /* UIImageView+AFNetworking.m in Sources */ = {isa = PBXBuildFile; fileRef = 5EFFBC1C195C00B0003679C6 /* UIImageView+AFNetworking.m */; };
		5EFFBC72195C00B0003679C6 /* UIProgressView+AFNetworking.m in Sources */ = {isa = PBXBuildFile; fileRef = 5EFFBC1F195C00B0003679C6 /* UIProgressView+AFNetworking.m */; };
		5EFFBC73195C00B0003679C6 /* UIRefreshControl+AFNetworking.m in Sources */ = {isa = PBXBuildFile; fileRef = 5EFFBC21195C00B0003679C6 /* UIRefreshControl+AFNetworking.m */; };
		5EFFBC74195C00B0003679C6 /* UIWebView+AFNetworking.m in Sources */ = {isa = PBXBuildFile; fileRef = 5EFFBC23195C00B0003679C6 /* UIWebView+AFNetworking.m */; };
		5EFFBC87195C06E3003679C6 /* Reachability.m in Sources */ = {isa = PBXBuildFile; fileRef = 5EFFBC86195C06E3003679C6 /* Reachability.m */; };
/* End PBXBuildFile section */

/* Begin PBXContainerItemProxy section */
		5E815EC11940832700CEAFAB /* PBXContainerItemProxy */ = {
			isa = PBXContainerItemProxy;
			containerPortal = 5E815E991940832700CEAFAB /* Project object */;
			proxyType = 1;
			remoteGlobalIDString = 5E815EA01940832700CEAFAB;
			remoteInfo = CrimeStopper;
		};
/* End PBXContainerItemProxy section */

/* Begin PBXFileReference section */
		5E0324621942F4CD006EEA24 /* RegistrationVC.h */ = {isa = PBXFileReference; fileEncoding = 4; lastKnownFileType = sourcecode.c.h; path = RegistrationVC.h; sourceTree = "<group>"; };
		5E0324631942F4CD006EEA24 /* RegistrationVC.m */ = {isa = PBXFileReference; fileEncoding = 4; lastKnownFileType = sourcecode.c.objc; path = RegistrationVC.m; sourceTree = "<group>"; };
		5E0324641942F4CD006EEA24 /* RegistrationVC.xib */ = {isa = PBXFileReference; fileEncoding = 4; lastKnownFileType = file.xib; path = RegistrationVC.xib; sourceTree = "<group>"; };
		5E03246A1942FBB7006EEA24 /* ic_app.png */ = {isa = PBXFileReference; lastKnownFileType = image.png; path = ic_app.png; sourceTree = "<group>"; };
		5E03246D1942FBB7006EEA24 /* ic_back.png */ = {isa = PBXFileReference; lastKnownFileType = image.png; path = ic_back.png; sourceTree = "<group>"; };
		5E04AF01194FFC70003F6CD4 /* PPRevealSideViewController.h */ = {isa = PBXFileReference; fileEncoding = 4; lastKnownFileType = sourcecode.c.h; path = PPRevealSideViewController.h; sourceTree = "<group>"; };
		5E04AF02194FFC70003F6CD4 /* PPRevealSideViewController.m */ = {isa = PBXFileReference; fileEncoding = 4; lastKnownFileType = sourcecode.c.objc; path = PPRevealSideViewController.m; sourceTree = "<group>"; };
		5E04AF04194FFD7E003F6CD4 /* NavigationHomeVC.h */ = {isa = PBXFileReference; fileEncoding = 4; lastKnownFileType = sourcecode.c.h; path = NavigationHomeVC.h; sourceTree = "<group>"; };
		5E04AF05194FFD7E003F6CD4 /* NavigationHomeVC.m */ = {isa = PBXFileReference; fileEncoding = 4; lastKnownFileType = sourcecode.c.objc; path = NavigationHomeVC.m; sourceTree = "<group>"; };
		5E04AF06194FFD7E003F6CD4 /* NavigationHomeVC.xib */ = {isa = PBXFileReference; fileEncoding = 4; lastKnownFileType = file.xib; path = NavigationHomeVC.xib; sourceTree = "<group>"; };
		5E04AF0D19500608003F6CD4 /* TableViewCell.h */ = {isa = PBXFileReference; fileEncoding = 4; lastKnownFileType = sourcecode.c.h; path = TableViewCell.h; sourceTree = "<group>"; };
		5E04AF0E19500608003F6CD4 /* TableViewCell.m */ = {isa = PBXFileReference; fileEncoding = 4; lastKnownFileType = sourcecode.c.objc; path = TableViewCell.m; sourceTree = "<group>"; };
		5E04AF0F19500608003F6CD4 /* TableViewCell.xib */ = {isa = PBXFileReference; fileEncoding = 4; lastKnownFileType = file.xib; path = TableViewCell.xib; sourceTree = "<group>"; };
		5E04AF4119505CBD003F6CD4 /* default_profile_home.png */ = {isa = PBXFileReference; lastKnownFileType = image.png; path = default_profile_home.png; sourceTree = "<group>"; };
		5E04AF4219505CBD003F6CD4 /* ic_about_us.png */ = {isa = PBXFileReference; lastKnownFileType = image.png; path = ic_about_us.png; sourceTree = "<group>"; };
		5E04AF4419505CBD003F6CD4 /* ic_file_new_report.png */ = {isa = PBXFileReference; lastKnownFileType = image.png; path = ic_file_new_report.png; sourceTree = "<group>"; };
		5E04AF4519505CBD003F6CD4 /* ic_nav_emergency_numbers.png */ = {isa = PBXFileReference; lastKnownFileType = image.png; path = ic_nav_emergency_numbers.png; sourceTree = "<group>"; };
		5E04AF4619505CBD003F6CD4 /* ic_nav_feedback.png */ = {isa = PBXFileReference; lastKnownFileType = image.png; path = ic_nav_feedback.png; sourceTree = "<group>"; };
		5E04AF4719505CBD003F6CD4 /* ic_nav_home.png */ = {isa = PBXFileReference; lastKnownFileType = image.png; path = ic_nav_home.png; sourceTree = "<group>"; };
		5E04AF4819505CBD003F6CD4 /* ic_nav_logout.png */ = {isa = PBXFileReference; lastKnownFileType = image.png; path = ic_nav_logout.png; sourceTree = "<group>"; };
		5E04AF4919505CBD003F6CD4 /* ic_nav_rate_us.png */ = {isa = PBXFileReference; lastKnownFileType = image.png; path = ic_nav_rate_us.png; sourceTree = "<group>"; };
		5E04AF4A19505CBD003F6CD4 /* ic_nav_share_app.png */ = {isa = PBXFileReference; lastKnownFileType = image.png; path = ic_nav_share_app.png; sourceTree = "<group>"; };
		5E04AF4B19505CBD003F6CD4 /* ic_report_sighting.png */ = {isa = PBXFileReference; lastKnownFileType = image.png; path = ic_report_sighting.png; sourceTree = "<group>"; };
		5E04AF4C19505CBD003F6CD4 /* ic_updates.png */ = {isa = PBXFileReference; lastKnownFileType = image.png; path = ic_updates.png; sourceTree = "<group>"; };
		5E04AF59195066AF003F6CD4 /* MapKit.framework */ = {isa = PBXFileReference; lastKnownFileType = wrapper.framework; name = MapKit.framework; path = System/Library/Frameworks/MapKit.framework; sourceTree = SDKROOT; };
		5E05DCC5195EBDE90081256F /* default_profile_home@1x.png */ = {isa = PBXFileReference; lastKnownFileType = image.png; path = "default_profile_home@1x.png"; sourceTree = "<group>"; };
		5E05DCC6195EBDE90081256F /* default_profile_home@2x.png */ = {isa = PBXFileReference; lastKnownFileType = image.png; path = "default_profile_home@2x.png"; sourceTree = "<group>"; };
		5E05DCC7195EBDE90081256F /* default_profile@1x.png */ = {isa = PBXFileReference; lastKnownFileType = image.png; path = "default_profile@1x.png"; sourceTree = "<group>"; };
		5E05DCC8195EBDE90081256F /* default_profile@2x.png */ = {isa = PBXFileReference; lastKnownFileType = image.png; path = "default_profile@2x.png"; sourceTree = "<group>"; };
		5E095172194177E400DC97E2 /* vehicle_graphic(5).png */ = {isa = PBXFileReference; lastKnownFileType = image.png; path = "vehicle_graphic(5).png"; sourceTree = "<group>"; };
		5E09517419417AEF00DC97E2 /* btn_login_with_facebook(5).png */ = {isa = PBXFileReference; lastKnownFileType = image.png; path = "btn_login_with_facebook(5).png"; sourceTree = "<group>"; };
		5E09517519417AEF00DC97E2 /* btn_login(5).png */ = {isa = PBXFileReference; lastKnownFileType = image.png; path = "btn_login(5).png"; sourceTree = "<group>"; };
		5E09517619417AEF00DC97E2 /* btn_register(5).png */ = {isa = PBXFileReference; lastKnownFileType = image.png; path = "btn_register(5).png"; sourceTree = "<group>"; };
		5E09517A19417C9B00DC97E2 /* login_btn_bg.png */ = {isa = PBXFileReference; lastKnownFileType = image.png; path = login_btn_bg.png; sourceTree = "<group>"; };
		5E0951811941C71D00DC97E2 /* constant.h */ = {isa = PBXFileReference; fileEncoding = 4; lastKnownFileType = sourcecode.c.h; path = constant.h; sourceTree = "<group>"; };
		5E0951851941C85B00DC97E2 /* SVProgressHUD.m */ = {isa = PBXFileReference; fileEncoding = 4; lastKnownFileType = sourcecode.c.objc; path = SVProgressHUD.m; sourceTree = "<group>"; };
		5E0951861941C85B00DC97E2 /* SVProgressHUD.h */ = {isa = PBXFileReference; fileEncoding = 4; lastKnownFileType = sourcecode.c.h; path = SVProgressHUD.h; sourceTree = "<group>"; };
		5E815EA11940832700CEAFAB /* CrimeStopper.app */ = {isa = PBXFileReference; explicitFileType = wrapper.application; includeInIndex = 0; path = CrimeStopper.app; sourceTree = BUILT_PRODUCTS_DIR; };
		5E815EA41940832700CEAFAB /* Foundation.framework */ = {isa = PBXFileReference; lastKnownFileType = wrapper.framework; name = Foundation.framework; path = System/Library/Frameworks/Foundation.framework; sourceTree = SDKROOT; };
		5E815EA61940832700CEAFAB /* CoreGraphics.framework */ = {isa = PBXFileReference; lastKnownFileType = wrapper.framework; name = CoreGraphics.framework; path = System/Library/Frameworks/CoreGraphics.framework; sourceTree = SDKROOT; };
		5E815EA81940832700CEAFAB /* UIKit.framework */ = {isa = PBXFileReference; lastKnownFileType = wrapper.framework; name = UIKit.framework; path = System/Library/Frameworks/UIKit.framework; sourceTree = SDKROOT; };
		5E815EAE1940832700CEAFAB /* en */ = {isa = PBXFileReference; lastKnownFileType = text.plist.strings; name = en; path = en.lproj/InfoPlist.strings; sourceTree = "<group>"; };
		5E815EB01940832700CEAFAB /* main.m */ = {isa = PBXFileReference; lastKnownFileType = sourcecode.c.objc; path = main.m; sourceTree = "<group>"; };
		5E815EB21940832700CEAFAB /* CrimeStopper-Prefix.pch */ = {isa = PBXFileReference; lastKnownFileType = sourcecode.c.h; path = "CrimeStopper-Prefix.pch"; sourceTree = "<group>"; };
		5E815EB31940832700CEAFAB /* AppDelegate.h */ = {isa = PBXFileReference; lastKnownFileType = sourcecode.c.h; path = AppDelegate.h; sourceTree = "<group>"; };
		5E815EB41940832700CEAFAB /* AppDelegate.m */ = {isa = PBXFileReference; lastKnownFileType = sourcecode.c.objc; path = AppDelegate.m; sourceTree = "<group>"; };
		5E815EB61940832700CEAFAB /* Images.xcassets */ = {isa = PBXFileReference; lastKnownFileType = folder.assetcatalog; path = Images.xcassets; sourceTree = "<group>"; };
		5E815EBC1940832700CEAFAB /* CrimeStopperTests.xctest */ = {isa = PBXFileReference; explicitFileType = wrapper.cfbundle; includeInIndex = 0; path = CrimeStopperTests.xctest; sourceTree = BUILT_PRODUCTS_DIR; };
		5E815EBD1940832700CEAFAB /* XCTest.framework */ = {isa = PBXFileReference; lastKnownFileType = wrapper.framework; name = XCTest.framework; path = Library/Frameworks/XCTest.framework; sourceTree = DEVELOPER_DIR; };
		5E815EC51940832700CEAFAB /* CrimeStopperTests-Info.plist */ = {isa = PBXFileReference; lastKnownFileType = text.plist.xml; path = "CrimeStopperTests-Info.plist"; sourceTree = "<group>"; };
		5E815EC71940832700CEAFAB /* en */ = {isa = PBXFileReference; lastKnownFileType = text.plist.strings; name = en; path = en.lproj/InfoPlist.strings; sourceTree = "<group>"; };
		5E815EC91940832700CEAFAB /* CrimeStopperTests.m */ = {isa = PBXFileReference; lastKnownFileType = sourcecode.c.objc; path = CrimeStopperTests.m; sourceTree = "<group>"; };
		5E815ED91940859F00CEAFAB /* HomeScreenVC.h */ = {isa = PBXFileReference; fileEncoding = 4; lastKnownFileType = sourcecode.c.h; path = HomeScreenVC.h; sourceTree = "<group>"; };
		5E815EDA1940859F00CEAFAB /* HomeScreenVC.m */ = {isa = PBXFileReference; fileEncoding = 4; lastKnownFileType = sourcecode.c.objc; path = HomeScreenVC.m; sourceTree = "<group>"; };
		5E815EDB1940859F00CEAFAB /* HomeScreenVC.xib */ = {isa = PBXFileReference; fileEncoding = 4; lastKnownFileType = file.xib; path = HomeScreenVC.xib; sourceTree = "<group>"; };
		5E815EDE1940899C00CEAFAB /* splashscreen_640x1136.png */ = {isa = PBXFileReference; lastKnownFileType = image.png; path = splashscreen_640x1136.png; sourceTree = "<group>"; };
		5E815EE019408CE900CEAFAB /* DisclaimerViewController.h */ = {isa = PBXFileReference; fileEncoding = 4; lastKnownFileType = sourcecode.c.h; path = DisclaimerViewController.h; sourceTree = "<group>"; };
		5E815EE119408CE900CEAFAB /* DisclaimerViewController.m */ = {isa = PBXFileReference; fileEncoding = 4; lastKnownFileType = sourcecode.c.objc; path = DisclaimerViewController.m; sourceTree = "<group>"; };
		5E815EE219408CE900CEAFAB /* DisclaimerViewController.xib */ = {isa = PBXFileReference; fileEncoding = 4; lastKnownFileType = file.xib; path = DisclaimerViewController.xib; sourceTree = "<group>"; };
		5E815EE519408DFD00CEAFAB /* disclaimer_bg.png */ = {isa = PBXFileReference; lastKnownFileType = image.png; path = disclaimer_bg.png; sourceTree = "<group>"; };
		5E815EE71940949500CEAFAB /* LoginVC.h */ = {isa = PBXFileReference; fileEncoding = 4; lastKnownFileType = sourcecode.c.h; path = LoginVC.h; sourceTree = "<group>"; };
		5E815EE81940949500CEAFAB /* LoginVC.m */ = {isa = PBXFileReference; fileEncoding = 4; lastKnownFileType = sourcecode.c.objc; path = LoginVC.m; sourceTree = "<group>"; };
		5E815EE91940949500CEAFAB /* LoginVC.xib */ = {isa = PBXFileReference; fileEncoding = 4; lastKnownFileType = file.xib; path = LoginVC.xib; sourceTree = "<group>"; };
		5E815EEC194095D400CEAFAB /* i_agree.png */ = {isa = PBXFileReference; lastKnownFileType = image.png; path = i_agree.png; sourceTree = "<group>"; };
		5E9CC95C1949ABE3006B43AE /* facebook-ios-sdk-3.14.1.pkg */ = {isa = PBXFileReference; lastKnownFileType = file; name = "facebook-ios-sdk-3.14.1.pkg"; path = "../../../Downloads/facebook-ios-sdk-3.14.1.pkg"; sourceTree = "<group>"; };
		5E9CCB971949AEFA006B43AE /* Parse.framework */ = {isa = PBXFileReference; lastKnownFileType = wrapper.framework; name = Parse.framework; path = ../../../Downloads/Parse.framework; sourceTree = "<group>"; };
		5E9CCB991949AF2A006B43AE /* AudioToolbox.framework */ = {isa = PBXFileReference; lastKnownFileType = wrapper.framework; name = AudioToolbox.framework; path = System/Library/Frameworks/AudioToolbox.framework; sourceTree = SDKROOT; };
		5E9CCB9B1949AF44006B43AE /* CFNetwork.framework */ = {isa = PBXFileReference; lastKnownFileType = wrapper.framework; name = CFNetwork.framework; path = System/Library/Frameworks/CFNetwork.framework; sourceTree = SDKROOT; };
		5E9CCB9D1949AF56006B43AE /* CoreLocation.framework */ = {isa = PBXFileReference; lastKnownFileType = wrapper.framework; name = CoreLocation.framework; path = System/Library/Frameworks/CoreLocation.framework; sourceTree = SDKROOT; };
		5E9CCB9F1949AF68006B43AE /* libz.1.1.3.dylib */ = {isa = PBXFileReference; lastKnownFileType = "compiled.mach-o.dylib"; name = libz.1.1.3.dylib; path = usr/lib/libz.1.1.3.dylib; sourceTree = SDKROOT; };
		5E9CCBA11949AF73006B43AE /* MobileCoreServices.framework */ = {isa = PBXFileReference; lastKnownFileType = wrapper.framework; name = MobileCoreServices.framework; path = System/Library/Frameworks/MobileCoreServices.framework; sourceTree = SDKROOT; };
		5E9CCBA31949AF81006B43AE /* QuartzCore.framework */ = {isa = PBXFileReference; lastKnownFileType = wrapper.framework; name = QuartzCore.framework; path = System/Library/Frameworks/QuartzCore.framework; sourceTree = SDKROOT; };
		5E9CCBA51949AF8D006B43AE /* StoreKit.framework */ = {isa = PBXFileReference; lastKnownFileType = wrapper.framework; name = StoreKit.framework; path = System/Library/Frameworks/StoreKit.framework; sourceTree = SDKROOT; };
		5E9CCBA71949AF9C006B43AE /* SystemConfiguration.framework */ = {isa = PBXFileReference; lastKnownFileType = wrapper.framework; name = SystemConfiguration.framework; path = System/Library/Frameworks/SystemConfiguration.framework; sourceTree = SDKROOT; };
		5E9CCE921949B29E006B43AE /* Security.framework */ = {isa = PBXFileReference; lastKnownFileType = wrapper.framework; name = Security.framework; path = System/Library/Frameworks/Security.framework; sourceTree = SDKROOT; };
		5E9CCE951949B439006B43AE /* FBUserSettingsViewResources.bundle */ = {isa = PBXFileReference; lastKnownFileType = "wrapper.plug-in"; name = FBUserSettingsViewResources.bundle; path = ../../../Documents/FacebookSDK/FacebookSDK.framework/Versions/A/Resources/FBUserSettingsViewResources.bundle; sourceTree = "<group>"; };
		5E9CCE971949B8AE006B43AE /* UserDetailsViewController.h */ = {isa = PBXFileReference; fileEncoding = 4; lastKnownFileType = sourcecode.c.h; path = UserDetailsViewController.h; sourceTree = "<group>"; };
		5E9CCE981949B8AE006B43AE /* UserDetailsViewController.m */ = {isa = PBXFileReference; fileEncoding = 4; lastKnownFileType = sourcecode.c.objc; path = UserDetailsViewController.m; sourceTree = "<group>"; };
		5E9CD3491949BD85006B43AE /* FacebookSDK.framework */ = {isa = PBXFileReference; lastKnownFileType = wrapper.framework; name = FacebookSDK.framework; path = ../../../Documents/FacebookSDK/FacebookSDK.framework; sourceTree = "<group>"; };
		5E9CD34B1949BDA5006B43AE /* FacebookSDK.framework */ = {isa = PBXFileReference; lastKnownFileType = wrapper.framework; name = FacebookSDK.framework; path = "../../../Downloads/ParsePlatform-IntegratingFacebookTutorial-9c0212e/IntegratingFacebookTutorial-iOS/FacebookSDK.framework"; sourceTree = "<group>"; };
		5E9E35D119544CE500485733 /* im_next@1x.png */ = {isa = PBXFileReference; lastKnownFileType = image.png; path = "im_next@1x.png"; sourceTree = "<group>"; };
		5E9E35D219544CE500485733 /* im_previous@1x.png */ = {isa = PBXFileReference; lastKnownFileType = image.png; path = "im_previous@1x.png"; sourceTree = "<group>"; };
		5EA4BC6D195D2C13006B4B5A /* AddDetailsVC.h */ = {isa = PBXFileReference; fileEncoding = 4; lastKnownFileType = sourcecode.c.h; path = AddDetailsVC.h; sourceTree = "<group>"; };
		5EA4BC6E195D2C13006B4B5A /* AddDetailsVC.m */ = {isa = PBXFileReference; fileEncoding = 4; lastKnownFileType = sourcecode.c.objc; path = AddDetailsVC.m; sourceTree = "<group>"; };
		5EA4BC6F195D2C13006B4B5A /* AddDetailsVC.xib */ = {isa = PBXFileReference; fileEncoding = 4; lastKnownFileType = file.xib; path = AddDetailsVC.xib; sourceTree = "<group>"; };
		5EA4BC72195D7BF1006B4B5A /* EditDetailsVC.h */ = {isa = PBXFileReference; fileEncoding = 4; lastKnownFileType = sourcecode.c.h; path = EditDetailsVC.h; sourceTree = "<group>"; };
		5EA4BC73195D7BF1006B4B5A /* EditDetailsVC.m */ = {isa = PBXFileReference; fileEncoding = 4; lastKnownFileType = sourcecode.c.objc; path = EditDetailsVC.m; sourceTree = "<group>"; };
		5EA4BC74195D7BF1006B4B5A /* EditDetailsVC.xib */ = {isa = PBXFileReference; fileEncoding = 4; lastKnownFileType = file.xib; path = EditDetailsVC.xib; sourceTree = "<group>"; };
		5EE8C8F019514BFD009550A1 /* ic_drawer.png */ = {isa = PBXFileReference; lastKnownFileType = image.png; path = ic_drawer.png; sourceTree = "<group>"; };
		5EE8C8F219514F36009550A1 /* AboutUsVC.h */ = {isa = PBXFileReference; fileEncoding = 4; lastKnownFileType = sourcecode.c.h; path = AboutUsVC.h; sourceTree = "<group>"; };
		5EE8C8F319514F36009550A1 /* AboutUsVC.m */ = {isa = PBXFileReference; fileEncoding = 4; lastKnownFileType = sourcecode.c.objc; path = AboutUsVC.m; sourceTree = "<group>"; };
		5EE8C8F419514F36009550A1 /* AboutUsVC.xib */ = {isa = PBXFileReference; fileEncoding = 4; lastKnownFileType = file.xib; path = AboutUsVC.xib; sourceTree = "<group>"; };
		5EE8C8F819515089009550A1 /* bullet.png */ = {isa = PBXFileReference; lastKnownFileType = image.png; path = bullet.png; sourceTree = "<group>"; };
		5EE8C8F919515089009550A1 /* ic_call.png */ = {isa = PBXFileReference; lastKnownFileType = image.png; path = ic_call.png; sourceTree = "<group>"; };
		5EE8C8FA19515089009550A1 /* ic_map.png */ = {isa = PBXFileReference; lastKnownFileType = image.png; path = ic_map.png; sourceTree = "<group>"; };
		5EE8C8FB19515089009550A1 /* im_about_us.png */ = {isa = PBXFileReference; lastKnownFileType = image.png; path = im_about_us.png; sourceTree = "<group>"; };
		5EE8C8FC19515089009550A1 /* seperator.png */ = {isa = PBXFileReference; lastKnownFileType = image.png; path = seperator.png; sourceTree = "<group>"; };
		5EE8C90219517553009550A1 /* EmergencyNoVC.h */ = {isa = PBXFileReference; fileEncoding = 4; lastKnownFileType = sourcecode.c.h; path = EmergencyNoVC.h; sourceTree = "<group>"; };
		5EE8C90319517553009550A1 /* EmergencyNoVC.m */ = {isa = PBXFileReference; fileEncoding = 4; lastKnownFileType = sourcecode.c.objc; path = EmergencyNoVC.m; sourceTree = "<group>"; };
		5EE8C90419517553009550A1 /* EmergencyNoVC.xib */ = {isa = PBXFileReference; fileEncoding = 4; lastKnownFileType = file.xib; path = EmergencyNoVC.xib; sourceTree = "<group>"; };
		5EE8C90819518BAB009550A1 /* ic_police_assistance.png */ = {isa = PBXFileReference; lastKnownFileType = image.png; path = ic_police_assistance.png; sourceTree = "<group>"; };
		5EE8C90919518BAB009550A1 /* ic_raa.png */ = {isa = PBXFileReference; lastKnownFileType = image.png; path = ic_raa.png; sourceTree = "<group>"; };
		5EE8C90A19518BAB009550A1 /* ic_suburban_taxi.png */ = {isa = PBXFileReference; lastKnownFileType = image.png; path = ic_suburban_taxi.png; sourceTree = "<group>"; };
		5EE8C90B19518BAB009550A1 /* ic_tow_truck.png */ = {isa = PBXFileReference; lastKnownFileType = image.png; path = ic_tow_truck.png; sourceTree = "<group>"; };
		5EE8C90C19518BAB009550A1 /* phone.png */ = {isa = PBXFileReference; lastKnownFileType = image.png; path = phone.png; sourceTree = "<group>"; };
		5EE8C9131951AAEB009550A1 /* FeedBackVC.h */ = {isa = PBXFileReference; fileEncoding = 4; lastKnownFileType = sourcecode.c.h; path = FeedBackVC.h; sourceTree = "<group>"; };
		5EE8C9141951AAEB009550A1 /* FeedBackVC.m */ = {isa = PBXFileReference; fileEncoding = 4; lastKnownFileType = sourcecode.c.objc; path = FeedBackVC.m; sourceTree = "<group>"; };
		5EE8C9151951AAEB009550A1 /* FeedBackVC.xib */ = {isa = PBXFileReference; fileEncoding = 4; lastKnownFileType = file.xib; path = FeedBackVC.xib; sourceTree = "<group>"; };
		5EE8C9191951AFFA009550A1 /* star_highlighted@2x.png */ = {isa = PBXFileReference; lastKnownFileType = image.png; path = "star_highlighted@2x.png"; sourceTree = "<group>"; };
		5EE8C91A1951AFFA009550A1 /* star_highlighted.png */ = {isa = PBXFileReference; lastKnownFileType = image.png; path = star_highlighted.png; sourceTree = "<group>"; };
		5EE8C91B1951AFFA009550A1 /* star@2x.png */ = {isa = PBXFileReference; lastKnownFileType = image.png; path = "star@2x.png"; sourceTree = "<group>"; };
		5EE8C91C1951AFFA009550A1 /* star.png */ = {isa = PBXFileReference; lastKnownFileType = image.png; path = star.png; sourceTree = "<group>"; };
		5EEF216F1955A3FB00A0BA3F /* app_icon_58x58.png */ = {isa = PBXFileReference; lastKnownFileType = image.png; path = app_icon_58x58.png; sourceTree = "<group>"; };
		5EEF21701955A3FB00A0BA3F /* app_icon_80x80.png */ = {isa = PBXFileReference; lastKnownFileType = image.png; path = app_icon_80x80.png; sourceTree = "<group>"; };
		5EEF21711955A3FB00A0BA3F /* app_icon_120x120.png */ = {isa = PBXFileReference; lastKnownFileType = image.png; path = app_icon_120x120.png; sourceTree = "<group>"; };
		5EEF21721955A3FB00A0BA3F /* app_icon_512x512.png */ = {isa = PBXFileReference; lastKnownFileType = image.png; path = app_icon_512x512.png; sourceTree = "<group>"; };
		5EEF21731955A3FB00A0BA3F /* app_icon_1024x1024.png */ = {isa = PBXFileReference; lastKnownFileType = image.png; path = app_icon_1024x1024.png; sourceTree = "<group>"; };
		5EEF21741955A3FB00A0BA3F /* splashscreen@2x.png */ = {isa = PBXFileReference; lastKnownFileType = image.png; path = "splashscreen@2x.png"; sourceTree = "<group>"; };
		5EEF217D1955AC1900A0BA3F /* CrimeStopper-Info.plist */ = {isa = PBXFileReference; fileEncoding = 4; lastKnownFileType = text.plist.xml; path = "CrimeStopper-Info.plist"; sourceTree = "<group>"; };
		5EEF218F1955B44300A0BA3F /* male_inactive.png */ = {isa = PBXFileReference; lastKnownFileType = image.png; path = male_inactive.png; sourceTree = "<group>"; };
		5EEF21901955B44300A0BA3F /* male_active.png */ = {isa = PBXFileReference; lastKnownFileType = image.png; path = male_active.png; sourceTree = "<group>"; };
		5EEF21911955B44300A0BA3F /* female_inactive.png */ = {isa = PBXFileReference; lastKnownFileType = image.png; path = female_inactive.png; sourceTree = "<group>"; };
		5EEF21921955B44300A0BA3F /* female_active.png */ = {isa = PBXFileReference; lastKnownFileType = image.png; path = female_active.png; sourceTree = "<group>"; };
		5EF2C4EA1953127900781789 /* login_bg(5).png */ = {isa = PBXFileReference; lastKnownFileType = image.png; path = "login_bg(5).png"; sourceTree = "<group>"; };
		5EF4DF3B194AF66C00061EF3 /* LoginWithFacebookVC.h */ = {isa = PBXFileReference; fileEncoding = 4; lastKnownFileType = sourcecode.c.h; path = LoginWithFacebookVC.h; sourceTree = "<group>"; };
		5EF4DF3C194AF66C00061EF3 /* LoginWithFacebookVC.m */ = {isa = PBXFileReference; fileEncoding = 4; lastKnownFileType = sourcecode.c.objc; path = LoginWithFacebookVC.m; sourceTree = "<group>"; };
		5EF4DF3D194AF66C00061EF3 /* LoginWithFacebookVC.xib */ = {isa = PBXFileReference; fileEncoding = 4; lastKnownFileType = file.xib; path = LoginWithFacebookVC.xib; sourceTree = "<group>"; };
		5EF532541947394C00BFD255 /* HomePageVC.h */ = {isa = PBXFileReference; fileEncoding = 4; lastKnownFileType = sourcecode.c.h; path = HomePageVC.h; sourceTree = "<group>"; };
		5EF532551947394C00BFD255 /* HomePageVC.m */ = {isa = PBXFileReference; fileEncoding = 4; lastKnownFileType = sourcecode.c.objc; path = HomePageVC.m; sourceTree = "<group>"; };
		5EF532561947394C00BFD255 /* HomePageVC.xib */ = {isa = PBXFileReference; fileEncoding = 4; lastKnownFileType = file.xib; path = HomePageVC.xib; sourceTree = "<group>"; };
		5EFB8D14195A959B003B6042 /* AssetsLibrary.framework */ = {isa = PBXFileReference; lastKnownFileType = wrapper.framework; name = AssetsLibrary.framework; path = System/Library/Frameworks/AssetsLibrary.framework; sourceTree = SDKROOT; };
		5EFE9183195945440014669E /* UserProfileVC.h */ = {isa = PBXFileReference; fileEncoding = 4; lastKnownFileType = sourcecode.c.h; path = UserProfileVC.h; sourceTree = "<group>"; };
		5EFE9184195945440014669E /* UserProfileVC.m */ = {isa = PBXFileReference; fileEncoding = 4; lastKnownFileType = sourcecode.c.objc; path = UserProfileVC.m; sourceTree = "<group>"; };
		5EFE9185195945440014669E /* UserProfileVC.xib */ = {isa = PBXFileReference; fileEncoding = 4; lastKnownFileType = file.xib; path = UserProfileVC.xib; sourceTree = "<group>"; };
		5EFE9189195948D80014669E /* default_profile_bg.png */ = {isa = PBXFileReference; lastKnownFileType = image.png; path = default_profile_bg.png; sourceTree = "<group>"; };
		5EFE918A195948D80014669E /* default_profile.png */ = {isa = PBXFileReference; lastKnownFileType = image.png; path = default_profile.png; sourceTree = "<group>"; };
		5EFE918B195948D80014669E /* edit_white.png */ = {isa = PBXFileReference; lastKnownFileType = image.png; path = edit_white.png; sourceTree = "<group>"; };
		5EFE918C195948D80014669E /* ic_female.png */ = {isa = PBXFileReference; lastKnownFileType = image.png; path = ic_female.png; sourceTree = "<group>"; };
		5EFE918D195948D80014669E /* ic_male.png */ = {isa = PBXFileReference; lastKnownFileType = image.png; path = ic_male.png; sourceTree = "<group>"; };
		5EFE918E195948D80014669E /* incomplete.png */ = {isa = PBXFileReference; lastKnownFileType = image.png; path = incomplete.png; sourceTree = "<group>"; };
		5EFE918F195948D80014669E /* points_design.png */ = {isa = PBXFileReference; lastKnownFileType = image.png; path = points_design.png; sourceTree = "<group>"; };
		5EFE9190195948D80014669E /* profile_bar.png */ = {isa = PBXFileReference; lastKnownFileType = image.png; path = profile_bar.png; sourceTree = "<group>"; };
		5EFE919A195964700014669E /* THProgressView.h */ = {isa = PBXFileReference; fileEncoding = 4; lastKnownFileType = sourcecode.c.h; path = THProgressView.h; sourceTree = "<group>"; };
		5EFE919B195964700014669E /* THProgressView.m */ = {isa = PBXFileReference; fileEncoding = 4; lastKnownFileType = sourcecode.c.objc; path = THProgressView.m; sourceTree = "<group>"; };
		5EFFBB96195C00B0003679C6 /* AFHTTPRequestOperation.h */ = {isa = PBXFileReference; fileEncoding = 4; lastKnownFileType = sourcecode.c.h; path = AFHTTPRequestOperation.h; sourceTree = "<group>"; };
		5EFFBB97195C00B0003679C6 /* AFHTTPRequestOperation.m */ = {isa = PBXFileReference; fileEncoding = 4; lastKnownFileType = sourcecode.c.objc; path = AFHTTPRequestOperation.m; sourceTree = "<group>"; };
		5EFFBB98195C00B0003679C6 /* AFHTTPRequestOperationManager.h */ = {isa = PBXFileReference; fileEncoding = 4; lastKnownFileType = sourcecode.c.h; path = AFHTTPRequestOperationManager.h; sourceTree = "<group>"; };
		5EFFBB99195C00B0003679C6 /* AFHTTPRequestOperationManager.m */ = {isa = PBXFileReference; fileEncoding = 4; lastKnownFileType = sourcecode.c.objc; path = AFHTTPRequestOperationManager.m; sourceTree = "<group>"; };
		5EFFBB9A195C00B0003679C6 /* AFHTTPSessionManager.h */ = {isa = PBXFileReference; fileEncoding = 4; lastKnownFileType = sourcecode.c.h; path = AFHTTPSessionManager.h; sourceTree = "<group>"; };
		5EFFBB9B195C00B0003679C6 /* AFHTTPSessionManager.m */ = {isa = PBXFileReference; fileEncoding = 4; lastKnownFileType = sourcecode.c.objc; path = AFHTTPSessionManager.m; sourceTree = "<group>"; };
		5EFFBB9C195C00B0003679C6 /* AFNetworking.h */ = {isa = PBXFileReference; fileEncoding = 4; lastKnownFileType = sourcecode.c.h; path = AFNetworking.h; sourceTree = "<group>"; };
		5EFFBB9D195C00B0003679C6 /* AFNetworkReachabilityManager.h */ = {isa = PBXFileReference; fileEncoding = 4; lastKnownFileType = sourcecode.c.h; path = AFNetworkReachabilityManager.h; sourceTree = "<group>"; };
		5EFFBB9E195C00B0003679C6 /* AFNetworkReachabilityManager.m */ = {isa = PBXFileReference; fileEncoding = 4; lastKnownFileType = sourcecode.c.objc; path = AFNetworkReachabilityManager.m; sourceTree = "<group>"; };
		5EFFBB9F195C00B0003679C6 /* AFSecurityPolicy.h */ = {isa = PBXFileReference; fileEncoding = 4; lastKnownFileType = sourcecode.c.h; path = AFSecurityPolicy.h; sourceTree = "<group>"; };
		5EFFBBA0195C00B0003679C6 /* AFSecurityPolicy.m */ = {isa = PBXFileReference; fileEncoding = 4; lastKnownFileType = sourcecode.c.objc; path = AFSecurityPolicy.m; sourceTree = "<group>"; };
		5EFFBBA1195C00B0003679C6 /* AFURLConnectionOperation.h */ = {isa = PBXFileReference; fileEncoding = 4; lastKnownFileType = sourcecode.c.h; path = AFURLConnectionOperation.h; sourceTree = "<group>"; };
		5EFFBBA2195C00B0003679C6 /* AFURLConnectionOperation.m */ = {isa = PBXFileReference; fileEncoding = 4; lastKnownFileType = sourcecode.c.objc; path = AFURLConnectionOperation.m; sourceTree = "<group>"; };
		5EFFBBA3195C00B0003679C6 /* AFURLRequestSerialization.h */ = {isa = PBXFileReference; fileEncoding = 4; lastKnownFileType = sourcecode.c.h; path = AFURLRequestSerialization.h; sourceTree = "<group>"; };
		5EFFBBA4195C00B0003679C6 /* AFURLRequestSerialization.m */ = {isa = PBXFileReference; fileEncoding = 4; lastKnownFileType = sourcecode.c.objc; path = AFURLRequestSerialization.m; sourceTree = "<group>"; };
		5EFFBBA5195C00B0003679C6 /* AFURLResponseSerialization.h */ = {isa = PBXFileReference; fileEncoding = 4; lastKnownFileType = sourcecode.c.h; path = AFURLResponseSerialization.h; sourceTree = "<group>"; };
		5EFFBBA6195C00B0003679C6 /* AFURLResponseSerialization.m */ = {isa = PBXFileReference; fileEncoding = 4; lastKnownFileType = sourcecode.c.objc; path = AFURLResponseSerialization.m; sourceTree = "<group>"; };
		5EFFBBA7195C00B0003679C6 /* AFURLSessionManager.h */ = {isa = PBXFileReference; fileEncoding = 4; lastKnownFileType = sourcecode.c.h; path = AFURLSessionManager.h; sourceTree = "<group>"; };
		5EFFBBA8195C00B0003679C6 /* AFURLSessionManager.m */ = {isa = PBXFileReference; fileEncoding = 4; lastKnownFileType = sourcecode.c.objc; path = AFURLSessionManager.m; sourceTree = "<group>"; };
		5EFFBC13195C00B0003679C6 /* AFNetworkActivityIndicatorManager.h */ = {isa = PBXFileReference; fileEncoding = 4; lastKnownFileType = sourcecode.c.h; path = AFNetworkActivityIndicatorManager.h; sourceTree = "<group>"; };
		5EFFBC14195C00B0003679C6 /* AFNetworkActivityIndicatorManager.m */ = {isa = PBXFileReference; fileEncoding = 4; lastKnownFileType = sourcecode.c.objc; path = AFNetworkActivityIndicatorManager.m; sourceTree = "<group>"; };
		5EFFBC15195C00B0003679C6 /* UIActivityIndicatorView+AFNetworking.h */ = {isa = PBXFileReference; fileEncoding = 4; lastKnownFileType = sourcecode.c.h; path = "UIActivityIndicatorView+AFNetworking.h"; sourceTree = "<group>"; };
		5EFFBC16195C00B0003679C6 /* UIActivityIndicatorView+AFNetworking.m */ = {isa = PBXFileReference; fileEncoding = 4; lastKnownFileType = sourcecode.c.objc; path = "UIActivityIndicatorView+AFNetworking.m"; sourceTree = "<group>"; };
		5EFFBC17195C00B0003679C6 /* UIAlertView+AFNetworking.h */ = {isa = PBXFileReference; fileEncoding = 4; lastKnownFileType = sourcecode.c.h; path = "UIAlertView+AFNetworking.h"; sourceTree = "<group>"; };
		5EFFBC18195C00B0003679C6 /* UIAlertView+AFNetworking.m */ = {isa = PBXFileReference; fileEncoding = 4; lastKnownFileType = sourcecode.c.objc; path = "UIAlertView+AFNetworking.m"; sourceTree = "<group>"; };
		5EFFBC19195C00B0003679C6 /* UIButton+AFNetworking.h */ = {isa = PBXFileReference; fileEncoding = 4; lastKnownFileType = sourcecode.c.h; path = "UIButton+AFNetworking.h"; sourceTree = "<group>"; };
		5EFFBC1A195C00B0003679C6 /* UIButton+AFNetworking.m */ = {isa = PBXFileReference; fileEncoding = 4; lastKnownFileType = sourcecode.c.objc; path = "UIButton+AFNetworking.m"; sourceTree = "<group>"; };
		5EFFBC1B195C00B0003679C6 /* UIImageView+AFNetworking.h */ = {isa = PBXFileReference; fileEncoding = 4; lastKnownFileType = sourcecode.c.h; path = "UIImageView+AFNetworking.h"; sourceTree = "<group>"; };
		5EFFBC1C195C00B0003679C6 /* UIImageView+AFNetworking.m */ = {isa = PBXFileReference; fileEncoding = 4; lastKnownFileType = sourcecode.c.objc; path = "UIImageView+AFNetworking.m"; sourceTree = "<group>"; };
		5EFFBC1D195C00B0003679C6 /* UIKit+AFNetworking.h */ = {isa = PBXFileReference; fileEncoding = 4; lastKnownFileType = sourcecode.c.h; path = "UIKit+AFNetworking.h"; sourceTree = "<group>"; };
		5EFFBC1E195C00B0003679C6 /* UIProgressView+AFNetworking.h */ = {isa = PBXFileReference; fileEncoding = 4; lastKnownFileType = sourcecode.c.h; path = "UIProgressView+AFNetworking.h"; sourceTree = "<group>"; };
		5EFFBC1F195C00B0003679C6 /* UIProgressView+AFNetworking.m */ = {isa = PBXFileReference; fileEncoding = 4; lastKnownFileType = sourcecode.c.objc; path = "UIProgressView+AFNetworking.m"; sourceTree = "<group>"; };
		5EFFBC20195C00B0003679C6 /* UIRefreshControl+AFNetworking.h */ = {isa = PBXFileReference; fileEncoding = 4; lastKnownFileType = sourcecode.c.h; path = "UIRefreshControl+AFNetworking.h"; sourceTree = "<group>"; };
		5EFFBC21195C00B0003679C6 /* UIRefreshControl+AFNetworking.m */ = {isa = PBXFileReference; fileEncoding = 4; lastKnownFileType = sourcecode.c.objc; path = "UIRefreshControl+AFNetworking.m"; sourceTree = "<group>"; };
		5EFFBC22195C00B0003679C6 /* UIWebView+AFNetworking.h */ = {isa = PBXFileReference; fileEncoding = 4; lastKnownFileType = sourcecode.c.h; path = "UIWebView+AFNetworking.h"; sourceTree = "<group>"; };
		5EFFBC23195C00B0003679C6 /* UIWebView+AFNetworking.m */ = {isa = PBXFileReference; fileEncoding = 4; lastKnownFileType = sourcecode.c.objc; path = "UIWebView+AFNetworking.m"; sourceTree = "<group>"; };
		5EFFBC85195C06E3003679C6 /* Reachability.h */ = {isa = PBXFileReference; fileEncoding = 4; lastKnownFileType = sourcecode.c.h; path = Reachability.h; sourceTree = "<group>"; };
		5EFFBC86195C06E3003679C6 /* Reachability.m */ = {isa = PBXFileReference; fileEncoding = 4; lastKnownFileType = sourcecode.c.objc; path = Reachability.m; sourceTree = "<group>"; };
/* End PBXFileReference section */

/* Begin PBXFrameworksBuildPhase section */
		5E815E9E1940832700CEAFAB /* Frameworks */ = {
			isa = PBXFrameworksBuildPhase;
			buildActionMask = 2147483647;
			files = (
				5E9CCB9E1949AF56006B43AE /* CoreLocation.framework in Frameworks */,
				5EFB8D15195A959B003B6042 /* AssetsLibrary.framework in Frameworks */,
				5E04AF5A195066AF003F6CD4 /* MapKit.framework in Frameworks */,
				5E9CD34A1949BD85006B43AE /* FacebookSDK.framework in Frameworks */,
				5E9CCE961949B439006B43AE /* FBUserSettingsViewResources.bundle in Frameworks */,
				5E9CCE931949B29E006B43AE /* Security.framework in Frameworks */,
				5E9CCBA81949AF9C006B43AE /* SystemConfiguration.framework in Frameworks */,
				5E9CCBA61949AF8D006B43AE /* StoreKit.framework in Frameworks */,
				5E9CCBA41949AF81006B43AE /* QuartzCore.framework in Frameworks */,
				5E9CCBA21949AF73006B43AE /* MobileCoreServices.framework in Frameworks */,
				5E9CCBA01949AF68006B43AE /* libz.1.1.3.dylib in Frameworks */,
				5E9CCB9C1949AF44006B43AE /* CFNetwork.framework in Frameworks */,
				5E9CCB9A1949AF2A006B43AE /* AudioToolbox.framework in Frameworks */,
				5E9CCB981949AEFA006B43AE /* Parse.framework in Frameworks */,
				5E815EA71940832700CEAFAB /* CoreGraphics.framework in Frameworks */,
				5E815EA91940832700CEAFAB /* UIKit.framework in Frameworks */,
				5E815EA51940832700CEAFAB /* Foundation.framework in Frameworks */,
				5E9CD34C1949BDA5006B43AE /* FacebookSDK.framework in Frameworks */,
			);
			runOnlyForDeploymentPostprocessing = 0;
		};
		5E815EB91940832700CEAFAB /* Frameworks */ = {
			isa = PBXFrameworksBuildPhase;
			buildActionMask = 2147483647;
			files = (
				5E815EBE1940832700CEAFAB /* XCTest.framework in Frameworks */,
				5E815EC01940832700CEAFAB /* UIKit.framework in Frameworks */,
				5E815EBF1940832700CEAFAB /* Foundation.framework in Frameworks */,
			);
			runOnlyForDeploymentPostprocessing = 0;
		};
/* End PBXFrameworksBuildPhase section */

/* Begin PBXGroup section */
		5E0324671942FBA2006EEA24 /* Registration */ = {
			isa = PBXGroup;
			children = (
				5EEF218F1955B44300A0BA3F /* male_inactive.png */,
				5EEF21901955B44300A0BA3F /* male_active.png */,
				5EEF21911955B44300A0BA3F /* female_inactive.png */,
				5EEF21921955B44300A0BA3F /* female_active.png */,
				5E03246A1942FBB7006EEA24 /* ic_app.png */,
				5E03246D1942FBB7006EEA24 /* ic_back.png */,
			);
			name = Registration;
			sourceTree = "<group>";
		};
		5E04AEFB194FFA3D003F6CD4 /* home page */ = {
			isa = PBXGroup;
			children = (
				5EE8C8F019514BFD009550A1 /* ic_drawer.png */,
				5E04AF4119505CBD003F6CD4 /* default_profile_home.png */,
				5E04AF4219505CBD003F6CD4 /* ic_about_us.png */,
				5E04AF4419505CBD003F6CD4 /* ic_file_new_report.png */,
				5E04AF4519505CBD003F6CD4 /* ic_nav_emergency_numbers.png */,
				5E04AF4619505CBD003F6CD4 /* ic_nav_feedback.png */,
				5E04AF4719505CBD003F6CD4 /* ic_nav_home.png */,
				5E04AF4819505CBD003F6CD4 /* ic_nav_logout.png */,
				5E04AF4919505CBD003F6CD4 /* ic_nav_rate_us.png */,
				5E04AF4A19505CBD003F6CD4 /* ic_nav_share_app.png */,
				5E04AF4B19505CBD003F6CD4 /* ic_report_sighting.png */,
				5E04AF4C19505CBD003F6CD4 /* ic_updates.png */,
			);
			name = "home page";
			sourceTree = "<group>";
		};
		5E04AF00194FFC1E003F6CD4 /* PPRevealSideViewController */ = {
			isa = PBXGroup;
			children = (
				5E04AF01194FFC70003F6CD4 /* PPRevealSideViewController.h */,
				5E04AF02194FFC70003F6CD4 /* PPRevealSideViewController.m */,
			);
			name = PPRevealSideViewController;
			sourceTree = "<group>";
		};
		5E04AF09195005B6003F6CD4 /* Custom Cell */ = {
			isa = PBXGroup;
			children = (
				5E04AF0D19500608003F6CD4 /* TableViewCell.h */,
				5E04AF0E19500608003F6CD4 /* TableViewCell.m */,
				5E04AF0F19500608003F6CD4 /* TableViewCell.xib */,
			);
			name = "Custom Cell";
			sourceTree = "<group>";
		};
		5E095171194177C200DC97E2 /* login */ = {
			isa = PBXGroup;
			children = (
				5E9E35D119544CE500485733 /* im_next@1x.png */,
				5E9E35D219544CE500485733 /* im_previous@1x.png */,
				5E09517A19417C9B00DC97E2 /* login_btn_bg.png */,
				5E09517419417AEF00DC97E2 /* btn_login_with_facebook(5).png */,
				5E09517519417AEF00DC97E2 /* btn_login(5).png */,
				5E09517619417AEF00DC97E2 /* btn_register(5).png */,
				5E095172194177E400DC97E2 /* vehicle_graphic(5).png */,
				5EF2C4EA1953127900781789 /* login_bg(5).png */,
			);
			name = login;
			sourceTree = "<group>";
		};
		5E09517D1941C43A00DC97E2 /* constant class */ = {
			isa = PBXGroup;
			children = (
				5E0951811941C71D00DC97E2 /* constant.h */,
			);
			name = "constant class";
			sourceTree = "<group>";
		};
		5E0951841941C84100DC97E2 /* classes */ = {
			isa = PBXGroup;
			children = (
				5EFFBB5A195BE0F5003679C6 /* AFNetworking */,
				5EFE9199195964470014669E /* THProgressView */,
				5E04AF00194FFC1E003F6CD4 /* PPRevealSideViewController */,
				5E0951881941C86D00DC97E2 /* SVProgressHUD */,
			);
			name = classes;
			sourceTree = "<group>";
		};
		5E0951881941C86D00DC97E2 /* SVProgressHUD */ = {
			isa = PBXGroup;
			children = (
				5E0951851941C85B00DC97E2 /* SVProgressHUD.m */,
				5E0951861941C85B00DC97E2 /* SVProgressHUD.h */,
			);
			name = SVProgressHUD;
			sourceTree = "<group>";
		};
		5E815E981940832700CEAFAB = {
			isa = PBXGroup;
			children = (
				5E815EAA1940832700CEAFAB /* CrimeStopper */,
				5E815EC31940832700CEAFAB /* CrimeStopperTests */,
				5E815EA31940832700CEAFAB /* Frameworks */,
				5E815EA21940832700CEAFAB /* Products */,
			);
			sourceTree = "<group>";
		};
		5E815EA21940832700CEAFAB /* Products */ = {
			isa = PBXGroup;
			children = (
				5E815EA11940832700CEAFAB /* CrimeStopper.app */,
				5E815EBC1940832700CEAFAB /* CrimeStopperTests.xctest */,
			);
			name = Products;
			sourceTree = "<group>";
		};
		5E815EA31940832700CEAFAB /* Frameworks */ = {
			isa = PBXGroup;
			children = (
				5EFB8D14195A959B003B6042 /* AssetsLibrary.framework */,
				5E04AF59195066AF003F6CD4 /* MapKit.framework */,
				5E9CD34B1949BDA5006B43AE /* FacebookSDK.framework */,
				5E9CD3491949BD85006B43AE /* FacebookSDK.framework */,
				5E9CCE951949B439006B43AE /* FBUserSettingsViewResources.bundle */,
				5E9CCE921949B29E006B43AE /* Security.framework */,
				5E9CCBA71949AF9C006B43AE /* SystemConfiguration.framework */,
				5E9CCBA51949AF8D006B43AE /* StoreKit.framework */,
				5E9CCBA31949AF81006B43AE /* QuartzCore.framework */,
				5E9CCBA11949AF73006B43AE /* MobileCoreServices.framework */,
				5E9CCB9F1949AF68006B43AE /* libz.1.1.3.dylib */,
				5E9CCB9D1949AF56006B43AE /* CoreLocation.framework */,
				5E9CCB9B1949AF44006B43AE /* CFNetwork.framework */,
				5E9CCB991949AF2A006B43AE /* AudioToolbox.framework */,
				5E9CCB971949AEFA006B43AE /* Parse.framework */,
				5E9CC95C1949ABE3006B43AE /* facebook-ios-sdk-3.14.1.pkg */,
				5E815EA41940832700CEAFAB /* Foundation.framework */,
				5E815EA61940832700CEAFAB /* CoreGraphics.framework */,
				5E815EA81940832700CEAFAB /* UIKit.framework */,
				5E815EBD1940832700CEAFAB /* XCTest.framework */,
			);
			name = Frameworks;
			sourceTree = "<group>";
		};
		5E815EAA1940832700CEAFAB /* CrimeStopper */ = {
			isa = PBXGroup;
			children = (
				5E0951841941C84100DC97E2 /* classes */,
				5E09517D1941C43A00DC97E2 /* constant class */,
				5E815ED4194084BD00CEAFAB /* Images */,
				5E04AF09195005B6003F6CD4 /* Custom Cell */,
				5E815ED3194084A000CEAFAB /* view controller */,
				5E815EB31940832700CEAFAB /* AppDelegate.h */,
				5E815EB41940832700CEAFAB /* AppDelegate.m */,
				5E815EB61940832700CEAFAB /* Images.xcassets */,
				5E815EAB1940832700CEAFAB /* Supporting Files */,
			);
			path = CrimeStopper;
			sourceTree = "<group>";
		};
		5E815EAB1940832700CEAFAB /* Supporting Files */ = {
			isa = PBXGroup;
			children = (
				5EEF217D1955AC1900A0BA3F /* CrimeStopper-Info.plist */,
				5E815EAD1940832700CEAFAB /* InfoPlist.strings */,
				5E815EB01940832700CEAFAB /* main.m */,
				5E815EB21940832700CEAFAB /* CrimeStopper-Prefix.pch */,
			);
			name = "Supporting Files";
			sourceTree = "<group>";
		};
		5E815EC31940832700CEAFAB /* CrimeStopperTests */ = {
			isa = PBXGroup;
			children = (
				5E815EC91940832700CEAFAB /* CrimeStopperTests.m */,
				5E815EC41940832700CEAFAB /* Supporting Files */,
			);
			path = CrimeStopperTests;
			sourceTree = "<group>";
		};
		5E815EC41940832700CEAFAB /* Supporting Files */ = {
			isa = PBXGroup;
			children = (
				5E815EC51940832700CEAFAB /* CrimeStopperTests-Info.plist */,
				5E815EC61940832700CEAFAB /* InfoPlist.strings */,
			);
			name = "Supporting Files";
			sourceTree = "<group>";
		};
		5E815ED3194084A000CEAFAB /* view controller */ = {
			isa = PBXGroup;
			children = (
				5E815ED91940859F00CEAFAB /* HomeScreenVC.h */,
				5E815EDA1940859F00CEAFAB /* HomeScreenVC.m */,
				5E815EDB1940859F00CEAFAB /* HomeScreenVC.xib */,
				5E815EE019408CE900CEAFAB /* DisclaimerViewController.h */,
				5E815EE119408CE900CEAFAB /* DisclaimerViewController.m */,
				5E815EE71940949500CEAFAB /* LoginVC.h */,
				5E815EE81940949500CEAFAB /* LoginVC.m */,
				5E815EE91940949500CEAFAB /* LoginVC.xib */,
				5E9CCE971949B8AE006B43AE /* UserDetailsViewController.h */,
				5E9CCE981949B8AE006B43AE /* UserDetailsViewController.m */,
				5E0324621942F4CD006EEA24 /* RegistrationVC.h */,
				5E0324631942F4CD006EEA24 /* RegistrationVC.m */,
				5E0324641942F4CD006EEA24 /* RegistrationVC.xib */,
				5EF532541947394C00BFD255 /* HomePageVC.h */,
				5EF532551947394C00BFD255 /* HomePageVC.m */,
				5EF532561947394C00BFD255 /* HomePageVC.xib */,
				5EF4DF3B194AF66C00061EF3 /* LoginWithFacebookVC.h */,
				5EF4DF3C194AF66C00061EF3 /* LoginWithFacebookVC.m */,
				5EF4DF3D194AF66C00061EF3 /* LoginWithFacebookVC.xib */,
				5E04AF04194FFD7E003F6CD4 /* NavigationHomeVC.h */,
				5E04AF05194FFD7E003F6CD4 /* NavigationHomeVC.m */,
				5E04AF06194FFD7E003F6CD4 /* NavigationHomeVC.xib */,
				5EE8C8F219514F36009550A1 /* AboutUsVC.h */,
				5EE8C8F319514F36009550A1 /* AboutUsVC.m */,
				5EE8C8F419514F36009550A1 /* AboutUsVC.xib */,
				5EE8C90219517553009550A1 /* EmergencyNoVC.h */,
				5EE8C90319517553009550A1 /* EmergencyNoVC.m */,
				5EE8C90419517553009550A1 /* EmergencyNoVC.xib */,
				5EE8C9131951AAEB009550A1 /* FeedBackVC.h */,
				5EE8C9141951AAEB009550A1 /* FeedBackVC.m */,
				5EE8C9151951AAEB009550A1 /* FeedBackVC.xib */,
				5EFE9183195945440014669E /* UserProfileVC.h */,
				5EFE9184195945440014669E /* UserProfileVC.m */,
				5EFE9185195945440014669E /* UserProfileVC.xib */,
				5EA4BC6D195D2C13006B4B5A /* AddDetailsVC.h */,
				5EA4BC6E195D2C13006B4B5A /* AddDetailsVC.m */,
				5EA4BC6F195D2C13006B4B5A /* AddDetailsVC.xib */,
				5EA4BC72195D7BF1006B4B5A /* EditDetailsVC.h */,
				5EA4BC73195D7BF1006B4B5A /* EditDetailsVC.m */,
				5EA4BC74195D7BF1006B4B5A /* EditDetailsVC.xib */,
			);
			name = "view controller";
			sourceTree = "<group>";
		};
		5E815ED4194084BD00CEAFAB /* Images */ = {
			isa = PBXGroup;
			children = (
				5E05DCC5195EBDE90081256F /* default_profile_home@1x.png */,
				5E05DCC6195EBDE90081256F /* default_profile_home@2x.png */,
				5E05DCC7195EBDE90081256F /* default_profile@1x.png */,
				5E05DCC8195EBDE90081256F /* default_profile@2x.png */,
				5EEF216F1955A3FB00A0BA3F /* app_icon_58x58.png */,
				5EEF21701955A3FB00A0BA3F /* app_icon_80x80.png */,
				5EEF21711955A3FB00A0BA3F /* app_icon_120x120.png */,
				5EEF21721955A3FB00A0BA3F /* app_icon_512x512.png */,
				5EEF21731955A3FB00A0BA3F /* app_icon_1024x1024.png */,
				5EEF21741955A3FB00A0BA3F /* splashscreen@2x.png */,
				5EFE9188195948C60014669E /* Profile page */,
				5EE8C9181951AFE0009550A1 /* Feedback */,
				5EE8C90719518AD7009550A1 /* Emergency Number */,
				5EE8C8F719515032009550A1 /* About Us */,
				5E04AEFB194FFA3D003F6CD4 /* home page */,
				5E0324671942FBA2006EEA24 /* Registration */,
				5E095171194177C200DC97E2 /* login */,
				5E815EDE1940899C00CEAFAB /* splashscreen_640x1136.png */,
				5E815EE219408CE900CEAFAB /* DisclaimerViewController.xib */,
				5E815EE519408DFD00CEAFAB /* disclaimer_bg.png */,
				5E815EEC194095D400CEAFAB /* i_agree.png */,
			);
			name = Images;
			sourceTree = "<group>";
		};
		5EE8C8F719515032009550A1 /* About Us */ = {
			isa = PBXGroup;
			children = (
				5EE8C8F819515089009550A1 /* bullet.png */,
				5EE8C8F919515089009550A1 /* ic_call.png */,
				5EE8C8FA19515089009550A1 /* ic_map.png */,
				5EE8C8FB19515089009550A1 /* im_about_us.png */,
				5EE8C8FC19515089009550A1 /* seperator.png */,
			);
			name = "About Us";
			sourceTree = "<group>";
		};
		5EE8C90719518AD7009550A1 /* Emergency Number */ = {
			isa = PBXGroup;
			children = (
				5EE8C90819518BAB009550A1 /* ic_police_assistance.png */,
				5EE8C90919518BAB009550A1 /* ic_raa.png */,
				5EE8C90A19518BAB009550A1 /* ic_suburban_taxi.png */,
				5EE8C90B19518BAB009550A1 /* ic_tow_truck.png */,
				5EE8C90C19518BAB009550A1 /* phone.png */,
			);
			name = "Emergency Number";
			sourceTree = "<group>";
		};
		5EE8C9181951AFE0009550A1 /* Feedback */ = {
			isa = PBXGroup;
			children = (
				5EE8C9191951AFFA009550A1 /* star_highlighted@2x.png */,
				5EE8C91A1951AFFA009550A1 /* star_highlighted.png */,
				5EE8C91B1951AFFA009550A1 /* star@2x.png */,
				5EE8C91C1951AFFA009550A1 /* star.png */,
			);
			name = Feedback;
			sourceTree = "<group>";
		};
		5EFE9188195948C60014669E /* Profile page */ = {
			isa = PBXGroup;
			children = (
				5EFE9189195948D80014669E /* default_profile_bg.png */,
				5EFE918A195948D80014669E /* default_profile.png */,
				5EFE918B195948D80014669E /* edit_white.png */,
				5EFE918C195948D80014669E /* ic_female.png */,
				5EFE918D195948D80014669E /* ic_male.png */,
				5EFE918E195948D80014669E /* incomplete.png */,
				5EFE918F195948D80014669E /* points_design.png */,
				5EFE9190195948D80014669E /* profile_bar.png */,
			);
			name = "Profile page";
			sourceTree = "<group>";
		};
		5EFE9199195964470014669E /* THProgressView */ = {
			isa = PBXGroup;
			children = (
				5EFE919A195964700014669E /* THProgressView.h */,
				5EFE919B195964700014669E /* THProgressView.m */,
			);
			name = THProgressView;
			sourceTree = "<group>";
		};
		5EFFBB5A195BE0F5003679C6 /* AFNetworking */ = {
			isa = PBXGroup;
			children = (
				5EFFBC12195C00B0003679C6 /* UIKit+AFNetworking */,
				5EFFBB95195C00B0003679C6 /* AFNetworking */,
			);
			name = AFNetworking;
			sourceTree = "<group>";
		};
		5EFFBB95195C00B0003679C6 /* AFNetworking */ = {
			isa = PBXGroup;
			children = (
				5EFFBB96195C00B0003679C6 /* AFHTTPRequestOperation.h */,
				5EFFBB97195C00B0003679C6 /* AFHTTPRequestOperation.m */,
				5EFFBB98195C00B0003679C6 /* AFHTTPRequestOperationManager.h */,
				5EFFBB99195C00B0003679C6 /* AFHTTPRequestOperationManager.m */,
				5EFFBB9A195C00B0003679C6 /* AFHTTPSessionManager.h */,
				5EFFBB9B195C00B0003679C6 /* AFHTTPSessionManager.m */,
				5EFFBB9C195C00B0003679C6 /* AFNetworking.h */,
				5EFFBB9D195C00B0003679C6 /* AFNetworkReachabilityManager.h */,
				5EFFBB9E195C00B0003679C6 /* AFNetworkReachabilityManager.m */,
				5EFFBB9F195C00B0003679C6 /* AFSecurityPolicy.h */,
				5EFFBBA0195C00B0003679C6 /* AFSecurityPolicy.m */,
				5EFFBBA1195C00B0003679C6 /* AFURLConnectionOperation.h */,
				5EFFBBA2195C00B0003679C6 /* AFURLConnectionOperation.m */,
				5EFFBBA3195C00B0003679C6 /* AFURLRequestSerialization.h */,
				5EFFBBA4195C00B0003679C6 /* AFURLRequestSerialization.m */,
				5EFFBBA5195C00B0003679C6 /* AFURLResponseSerialization.h */,
				5EFFBBA6195C00B0003679C6 /* AFURLResponseSerialization.m */,
				5EFFBBA7195C00B0003679C6 /* AFURLSessionManager.h */,
				5EFFBBA8195C00B0003679C6 /* AFURLSessionManager.m */,
			);
			name = AFNetworking;
			path = "AFNetworking-master 2/AFNetworking";
			sourceTree = "<group>";
		};
		5EFFBC12195C00B0003679C6 /* UIKit+AFNetworking */ = {
			isa = PBXGroup;
			children = (
				5EFFBC85195C06E3003679C6 /* Reachability.h */,
				5EFFBC86195C06E3003679C6 /* Reachability.m */,
				5EFFBC13195C00B0003679C6 /* AFNetworkActivityIndicatorManager.h */,
				5EFFBC14195C00B0003679C6 /* AFNetworkActivityIndicatorManager.m */,
				5EFFBC15195C00B0003679C6 /* UIActivityIndicatorView+AFNetworking.h */,
				5EFFBC16195C00B0003679C6 /* UIActivityIndicatorView+AFNetworking.m */,
				5EFFBC17195C00B0003679C6 /* UIAlertView+AFNetworking.h */,
				5EFFBC18195C00B0003679C6 /* UIAlertView+AFNetworking.m */,
				5EFFBC19195C00B0003679C6 /* UIButton+AFNetworking.h */,
				5EFFBC1A195C00B0003679C6 /* UIButton+AFNetworking.m */,
				5EFFBC1B195C00B0003679C6 /* UIImageView+AFNetworking.h */,
				5EFFBC1C195C00B0003679C6 /* UIImageView+AFNetworking.m */,
				5EFFBC1D195C00B0003679C6 /* UIKit+AFNetworking.h */,
				5EFFBC1E195C00B0003679C6 /* UIProgressView+AFNetworking.h */,
				5EFFBC1F195C00B0003679C6 /* UIProgressView+AFNetworking.m */,
				5EFFBC20195C00B0003679C6 /* UIRefreshControl+AFNetworking.h */,
				5EFFBC21195C00B0003679C6 /* UIRefreshControl+AFNetworking.m */,
				5EFFBC22195C00B0003679C6 /* UIWebView+AFNetworking.h */,
				5EFFBC23195C00B0003679C6 /* UIWebView+AFNetworking.m */,
			);
			name = "UIKit+AFNetworking";
			path = "AFNetworking-master 2/UIKit+AFNetworking";
			sourceTree = "<group>";
		};
/* End PBXGroup section */

/* Begin PBXNativeTarget section */
		5E815EA01940832700CEAFAB /* CrimeStopper */ = {
			isa = PBXNativeTarget;
			buildConfigurationList = 5E815ECD1940832700CEAFAB /* Build configuration list for PBXNativeTarget "CrimeStopper" */;
			buildPhases = (
				5E815E9D1940832700CEAFAB /* Sources */,
				5E815E9E1940832700CEAFAB /* Frameworks */,
				5E815E9F1940832700CEAFAB /* Resources */,
			);
			buildRules = (
			);
			dependencies = (
			);
			name = CrimeStopper;
			productName = CrimeStopper;
			productReference = 5E815EA11940832700CEAFAB /* CrimeStopper.app */;
			productType = "com.apple.product-type.application";
		};
		5E815EBB1940832700CEAFAB /* CrimeStopperTests */ = {
			isa = PBXNativeTarget;
			buildConfigurationList = 5E815ED01940832700CEAFAB /* Build configuration list for PBXNativeTarget "CrimeStopperTests" */;
			buildPhases = (
				5E815EB81940832700CEAFAB /* Sources */,
				5E815EB91940832700CEAFAB /* Frameworks */,
				5E815EBA1940832700CEAFAB /* Resources */,
			);
			buildRules = (
			);
			dependencies = (
				5E815EC21940832700CEAFAB /* PBXTargetDependency */,
			);
			name = CrimeStopperTests;
			productName = CrimeStopperTests;
			productReference = 5E815EBC1940832700CEAFAB /* CrimeStopperTests.xctest */;
			productType = "com.apple.product-type.bundle.unit-test";
		};
/* End PBXNativeTarget section */

/* Begin PBXProject section */
		5E815E991940832700CEAFAB /* Project object */ = {
			isa = PBXProject;
			attributes = {
				LastUpgradeCheck = 0510;
				ORGANIZATIONNAME = Emgeesons;
				TargetAttributes = {
					5E815EBB1940832700CEAFAB = {
						TestTargetID = 5E815EA01940832700CEAFAB;
					};
				};
			};
			buildConfigurationList = 5E815E9C1940832700CEAFAB /* Build configuration list for PBXProject "CrimeStopper" */;
			compatibilityVersion = "Xcode 3.2";
			developmentRegion = English;
			hasScannedForEncodings = 0;
			knownRegions = (
				en,
				he,
			);
			mainGroup = 5E815E981940832700CEAFAB;
			productRefGroup = 5E815EA21940832700CEAFAB /* Products */;
			projectDirPath = "";
			projectRoot = "";
			targets = (
				5E815EA01940832700CEAFAB /* CrimeStopper */,
				5E815EBB1940832700CEAFAB /* CrimeStopperTests */,
			);
		};
/* End PBXProject section */

/* Begin PBXResourcesBuildPhase section */
		5E815E9F1940832700CEAFAB /* Resources */ = {
			isa = PBXResourcesBuildPhase;
			buildActionMask = 2147483647;
			files = (
				5EE8C9171951AAEB009550A1 /* FeedBackVC.xib in Resources */,
				5EE8C91019518BAB009550A1 /* ic_tow_truck.png in Resources */,
				5EEF21761955A3FB00A0BA3F /* app_icon_80x80.png in Resources */,
				5E0324731942FBB7006EEA24 /* ic_back.png in Resources */,
				5EEF217A1955A3FB00A0BA3F /* splashscreen@2x.png in Resources */,
				5E815EEB1940949500CEAFAB /* LoginVC.xib in Resources */,
				5EEF217E1955AC1900A0BA3F /* CrimeStopper-Info.plist in Resources */,
				5EA4BC76195D7BF1006B4B5A /* EditDetailsVC.xib in Resources */,
				5E05DCCC195EBDE90081256F /* default_profile@2x.png in Resources */,
				5E05DCC9195EBDE90081256F /* default_profile_home@1x.png in Resources */,
				5E09517819417AEF00DC97E2 /* btn_login(5).png in Resources */,
				5EE8C91F1951AFFA009550A1 /* star@2x.png in Resources */,
				5EEF21961955B44300A0BA3F /* female_active.png in Resources */,
				5EE8C8FF19515089009550A1 /* ic_map.png in Resources */,
				5E815EAF1940832700CEAFAB /* InfoPlist.strings in Resources */,
				5EEF21931955B44300A0BA3F /* male_inactive.png in Resources */,
				5EFE9196195948D80014669E /* incomplete.png in Resources */,
				5E095173194177E400DC97E2 /* vehicle_graphic(5).png in Resources */,
				5EFE9191195948D80014669E /* default_profile_bg.png in Resources */,
				5EFE9193195948D80014669E /* edit_white.png in Resources */,
				5EFE9198195948D80014669E /* profile_bar.png in Resources */,
				5EE8C8FE19515089009550A1 /* ic_call.png in Resources */,
				5EFE9197195948D80014669E /* points_design.png in Resources */,
				5EEF21791955A3FB00A0BA3F /* app_icon_1024x1024.png in Resources */,
				5EF2C4EB1953127900781789 /* login_bg(5).png in Resources */,
				5EE8C90019515089009550A1 /* im_about_us.png in Resources */,
				5E9E35D319544CE500485733 /* im_next@1x.png in Resources */,
				5E04AF5119505CBD003F6CD4 /* ic_nav_emergency_numbers.png in Resources */,
				5EFE9195195948D80014669E /* ic_male.png in Resources */,
				5EFE9187195945440014669E /* UserProfileVC.xib in Resources */,
				5E04AF4E19505CBD003F6CD4 /* ic_about_us.png in Resources */,
				5E04AF5019505CBD003F6CD4 /* ic_file_new_report.png in Resources */,
				5E9E35D419544CE500485733 /* im_previous@1x.png in Resources */,
				5E815EED194095D400CEAFAB /* i_agree.png in Resources */,
				5EF4DF3F194AF66C00061EF3 /* LoginWithFacebookVC.xib in Resources */,
				5E815EDD1940859F00CEAFAB /* HomeScreenVC.xib in Resources */,
				5EE8C90E19518BAB009550A1 /* ic_raa.png in Resources */,
				5E04AF5519505CBD003F6CD4 /* ic_nav_rate_us.png in Resources */,
				5E04AF5719505CBD003F6CD4 /* ic_report_sighting.png in Resources */,
				5E04AF5819505CBD003F6CD4 /* ic_updates.png in Resources */,
				5E04AF5319505CBD003F6CD4 /* ic_nav_home.png in Resources */,
				5E09517B19417C9B00DC97E2 /* login_btn_bg.png in Resources */,
				5E04AF4D19505CBD003F6CD4 /* default_profile_home.png in Resources */,
				5EFE9194195948D80014669E /* ic_female.png in Resources */,
				5E04AF1119500608003F6CD4 /* TableViewCell.xib in Resources */,
				5EE8C8F119514BFD009550A1 /* ic_drawer.png in Resources */,
				5E04AF08194FFD7E003F6CD4 /* NavigationHomeVC.xib in Resources */,
				5EE8C9201951AFFA009550A1 /* star.png in Resources */,
				5EE8C90D19518BAB009550A1 /* ic_police_assistance.png in Resources */,
				5E04AF5419505CBD003F6CD4 /* ic_nav_logout.png in Resources */,
				5EEF21951955B44300A0BA3F /* female_inactive.png in Resources */,
				5EEF21771955A3FB00A0BA3F /* app_icon_120x120.png in Resources */,
				5EFE9192195948D80014669E /* default_profile.png in Resources */,
				5E09517719417AEF00DC97E2 /* btn_login_with_facebook(5).png in Resources */,
				5EE8C91119518BAB009550A1 /* phone.png in Resources */,
				5E815EB71940832700CEAFAB /* Images.xcassets in Resources */,
				5EEF21751955A3FB00A0BA3F /* app_icon_58x58.png in Resources */,
				5E04AF5619505CBD003F6CD4 /* ic_nav_share_app.png in Resources */,
				5E09517919417AEF00DC97E2 /* btn_register(5).png in Resources */,
				5EE8C90119515089009550A1 /* seperator.png in Resources */,
				5E0324701942FBB7006EEA24 /* ic_app.png in Resources */,
				5EE8C90619517553009550A1 /* EmergencyNoVC.xib in Resources */,
				5EEF21941955B44300A0BA3F /* male_active.png in Resources */,
				5E815EE419408CE900CEAFAB /* DisclaimerViewController.xib in Resources */,
				5E04AF5219505CBD003F6CD4 /* ic_nav_feedback.png in Resources */,
				5EF532581947394C00BFD255 /* HomePageVC.xib in Resources */,
				5EE8C90F19518BAB009550A1 /* ic_suburban_taxi.png in Resources */,
				5E815EDF1940899C00CEAFAB /* splashscreen_640x1136.png in Resources */,
				5E05DCCB195EBDE90081256F /* default_profile@1x.png in Resources */,
				5E0324661942F4CD006EEA24 /* RegistrationVC.xib in Resources */,
				5EE8C8F619514F36009550A1 /* AboutUsVC.xib in Resources */,
				5EEF21781955A3FB00A0BA3F /* app_icon_512x512.png in Resources */,
				5EE8C8FD19515089009550A1 /* bullet.png in Resources */,
				5E05DCCA195EBDE90081256F /* default_profile_home@2x.png in Resources */,
				5EE8C91D1951AFFA009550A1 /* star_highlighted@2x.png in Resources */,
				5EA4BC71195D2C13006B4B5A /* AddDetailsVC.xib in Resources */,
				5E815EE619408DFD00CEAFAB /* disclaimer_bg.png in Resources */,
				5EE8C91E1951AFFA009550A1 /* star_highlighted.png in Resources */,
			);
			runOnlyForDeploymentPostprocessing = 0;
		};
		5E815EBA1940832700CEAFAB /* Resources */ = {
			isa = PBXResourcesBuildPhase;
			buildActionMask = 2147483647;
			files = (
				5E815EC81940832700CEAFAB /* InfoPlist.strings in Resources */,
			);
			runOnlyForDeploymentPostprocessing = 0;
		};
/* End PBXResourcesBuildPhase section */

/* Begin PBXSourcesBuildPhase section */
		5E815E9D1940832700CEAFAB /* Sources */ = {
			isa = PBXSourcesBuildPhase;
			buildActionMask = 2147483647;
			files = (
				5EFFBC6D195C00B0003679C6 /* AFNetworkActivityIndicatorManager.m in Sources */,
				5EFFBC71195C00B0003679C6 /* UIImageView+AFNetworking.m in Sources */,
				5EFFBC6E195C00B0003679C6 /* UIActivityIndicatorView+AFNetworking.m in Sources */,
				5EFE919C195964700014669E /* THProgressView.m in Sources */,
				5EFFBC27195C00B0003679C6 /* AFHTTPRequestOperationManager.m in Sources */,
				5E815EB51940832700CEAFAB /* AppDelegate.m in Sources */,
				5EFFBC73195C00B0003679C6 /* UIRefreshControl+AFNetworking.m in Sources */,
				5EFE9186195945440014669E /* UserProfileVC.m in Sources */,
				5E0324651942F4CD006EEA24 /* RegistrationVC.m in Sources */,
				5E815EE319408CE900CEAFAB /* DisclaimerViewController.m in Sources */,
				5E815EEA1940949500CEAFAB /* LoginVC.m in Sources */,
				5E9CCE9A1949B8AE006B43AE /* UserDetailsViewController.m in Sources */,
				5EFFBC28195C00B0003679C6 /* AFHTTPSessionManager.m in Sources */,
				5EFFBC6F195C00B0003679C6 /* UIAlertView+AFNetworking.m in Sources */,
				5EFFBC29195C00B0003679C6 /* AFNetworkReachabilityManager.m in Sources */,
				5E04AF07194FFD7E003F6CD4 /* NavigationHomeVC.m in Sources */,
				5EFFBC2B195C00B0003679C6 /* AFURLConnectionOperation.m in Sources */,
				5EA4BC70195D2C13006B4B5A /* AddDetailsVC.m in Sources */,
				5EE8C8F519514F36009550A1 /* AboutUsVC.m in Sources */,
				5EFFBC70195C00B0003679C6 /* UIButton+AFNetworking.m in Sources */,
				5EFFBC74195C00B0003679C6 /* UIWebView+AFNetworking.m in Sources */,
				5E815EB11940832700CEAFAB /* main.m in Sources */,
				5EFFBC26195C00B0003679C6 /* AFHTTPRequestOperation.m in Sources */,
				5EFFBC2E195C00B0003679C6 /* AFURLSessionManager.m in Sources */,
				5EFFBC72195C00B0003679C6 /* UIProgressView+AFNetworking.m in Sources */,
				5EE8C9161951AAEB009550A1 /* FeedBackVC.m in Sources */,
				5E04AF03194FFC70003F6CD4 /* PPRevealSideViewController.m in Sources */,
				5E815EDC1940859F00CEAFAB /* HomeScreenVC.m in Sources */,
				5EFFBC2A195C00B0003679C6 /* AFSecurityPolicy.m in Sources */,
				5EA4BC75195D7BF1006B4B5A /* EditDetailsVC.m in Sources */,
				5E04AF1019500608003F6CD4 /* TableViewCell.m in Sources */,
				5EFFBC2D195C00B0003679C6 /* AFURLResponseSerialization.m in Sources */,
				5EFFBC2C195C00B0003679C6 /* AFURLRequestSerialization.m in Sources */,
				5EE8C90519517553009550A1 /* EmergencyNoVC.m in Sources */,
				5EF532571947394C00BFD255 /* HomePageVC.m in Sources */,
				5EF4DF3E194AF66C00061EF3 /* LoginWithFacebookVC.m in Sources */,
				5EFFBC87195C06E3003679C6 /* Reachability.m in Sources */,
				5E0951871941C85B00DC97E2 /* SVProgressHUD.m in Sources */,
			);
			runOnlyForDeploymentPostprocessing = 0;
		};
		5E815EB81940832700CEAFAB /* Sources */ = {
			isa = PBXSourcesBuildPhase;
			buildActionMask = 2147483647;
			files = (
				5E815ECA1940832700CEAFAB /* CrimeStopperTests.m in Sources */,
			);
			runOnlyForDeploymentPostprocessing = 0;
		};
/* End PBXSourcesBuildPhase section */

/* Begin PBXTargetDependency section */
		5E815EC21940832700CEAFAB /* PBXTargetDependency */ = {
			isa = PBXTargetDependency;
			target = 5E815EA01940832700CEAFAB /* CrimeStopper */;
			targetProxy = 5E815EC11940832700CEAFAB /* PBXContainerItemProxy */;
		};
/* End PBXTargetDependency section */

/* Begin PBXVariantGroup section */
		5E815EAD1940832700CEAFAB /* InfoPlist.strings */ = {
			isa = PBXVariantGroup;
			children = (
				5E815EAE1940832700CEAFAB /* en */,
			);
			name = InfoPlist.strings;
			sourceTree = "<group>";
		};
		5E815EC61940832700CEAFAB /* InfoPlist.strings */ = {
			isa = PBXVariantGroup;
			children = (
				5E815EC71940832700CEAFAB /* en */,
			);
			name = InfoPlist.strings;
			sourceTree = "<group>";
		};
/* End PBXVariantGroup section */

/* Begin XCBuildConfiguration section */
		5E815ECB1940832700CEAFAB /* Debug */ = {
			isa = XCBuildConfiguration;
			buildSettings = {
				ALWAYS_SEARCH_USER_PATHS = NO;
				CLANG_CXX_LANGUAGE_STANDARD = "gnu++0x";
				CLANG_CXX_LIBRARY = "libc++";
				CLANG_ENABLE_MODULES = YES;
				CLANG_ENABLE_OBJC_ARC = YES;
				CLANG_WARN_BOOL_CONVERSION = YES;
				CLANG_WARN_CONSTANT_CONVERSION = YES;
				CLANG_WARN_DIRECT_OBJC_ISA_USAGE = YES_ERROR;
				CLANG_WARN_EMPTY_BODY = YES;
				CLANG_WARN_ENUM_CONVERSION = YES;
				CLANG_WARN_INT_CONVERSION = YES;
				CLANG_WARN_OBJC_ROOT_CLASS = YES_ERROR;
				CLANG_WARN__DUPLICATE_METHOD_MATCH = YES;
				CODE_SIGN_IDENTITY = "iPhone Developer: Asha Sharma (E7M4FD9F9W)";
				"CODE_SIGN_IDENTITY[sdk=iphoneos*]" = "iPhone Developer: Asha Sharma (E7M4FD9F9W)";
				COPY_PHASE_STRIP = NO;
				GCC_C_LANGUAGE_STANDARD = gnu99;
				GCC_DYNAMIC_NO_PIC = NO;
				GCC_OPTIMIZATION_LEVEL = 0;
				GCC_PREPROCESSOR_DEFINITIONS = (
					"DEBUG=1",
					"$(inherited)",
				);
				GCC_SYMBOLS_PRIVATE_EXTERN = NO;
				GCC_WARN_64_TO_32_BIT_CONVERSION = YES;
				GCC_WARN_ABOUT_RETURN_TYPE = YES_ERROR;
				GCC_WARN_UNDECLARED_SELECTOR = YES;
				GCC_WARN_UNINITIALIZED_AUTOS = YES;
				GCC_WARN_UNUSED_FUNCTION = YES;
				GCC_WARN_UNUSED_VARIABLE = YES;
				IPHONEOS_DEPLOYMENT_TARGET = 7.0;
				ONLY_ACTIVE_ARCH = YES;
				PROVISIONING_PROFILE = "E73F2791-882B-4600-8E82-3DCAA3909DE3";
				SDKROOT = iphoneos;
			};
			name = Debug;
		};
		5E815ECC1940832700CEAFAB /* Release */ = {
			isa = XCBuildConfiguration;
			buildSettings = {
				ALWAYS_SEARCH_USER_PATHS = NO;
				CLANG_CXX_LANGUAGE_STANDARD = "gnu++0x";
				CLANG_CXX_LIBRARY = "libc++";
				CLANG_ENABLE_MODULES = YES;
				CLANG_ENABLE_OBJC_ARC = YES;
				CLANG_WARN_BOOL_CONVERSION = YES;
				CLANG_WARN_CONSTANT_CONVERSION = YES;
				CLANG_WARN_DIRECT_OBJC_ISA_USAGE = YES_ERROR;
				CLANG_WARN_EMPTY_BODY = YES;
				CLANG_WARN_ENUM_CONVERSION = YES;
				CLANG_WARN_INT_CONVERSION = YES;
				CLANG_WARN_OBJC_ROOT_CLASS = YES_ERROR;
				CLANG_WARN__DUPLICATE_METHOD_MATCH = YES;
				CODE_SIGN_IDENTITY = "iPhone Developer: Asha Sharma (E7M4FD9F9W)";
				"CODE_SIGN_IDENTITY[sdk=iphoneos*]" = "iPhone Developer: Asha Sharma (E7M4FD9F9W)";
				COPY_PHASE_STRIP = YES;
				ENABLE_NS_ASSERTIONS = NO;
				GCC_C_LANGUAGE_STANDARD = gnu99;
				GCC_WARN_64_TO_32_BIT_CONVERSION = YES;
				GCC_WARN_ABOUT_RETURN_TYPE = YES_ERROR;
				GCC_WARN_UNDECLARED_SELECTOR = YES;
				GCC_WARN_UNINITIALIZED_AUTOS = YES;
				GCC_WARN_UNUSED_FUNCTION = YES;
				GCC_WARN_UNUSED_VARIABLE = YES;
				IPHONEOS_DEPLOYMENT_TARGET = 7.0;
				PROVISIONING_PROFILE = "E73F2791-882B-4600-8E82-3DCAA3909DE3";
				SDKROOT = iphoneos;
				VALIDATE_PRODUCT = YES;
			};
			name = Release;
		};
		5E815ECE1940832700CEAFAB /* Debug */ = {
			isa = XCBuildConfiguration;
			buildSettings = {
				ASSETCATALOG_COMPILER_APPICON_NAME = AppIcon;
				ASSETCATALOG_COMPILER_LAUNCHIMAGE_NAME = LaunchImage;
				CLANG_ENABLE_OBJC_ARC = YES;
				CODE_SIGN_IDENTITY = "iPhone Developer: Asha Sharma (E7M4FD9F9W)";
				"CODE_SIGN_IDENTITY[sdk=*]" = "iPhone Developer: Asha Sharma (E7M4FD9F9W)";
				FRAMEWORK_SEARCH_PATHS = (
					"$(inherited)",
					"$(PROJECT_DIR)/CrimeStopper/FacebookSDK",
					"$(PROJECT_DIR)/CrimeStopper/FacebookSDK/FBAudienceNetwork",
					/Users/asha/Downloads,
					/Users/asha/Documents/FacebookSDK,
					"$(PROJECT_DIR)/CrimeStopper/mopub-ios-sdk-master/Specs/MoPubSampleAppSpecs/SampleAppSpecs/Frameworks",
					"$(PROJECT_DIR)/CrimeStopper/mopub-ios-sdk-master/Specs/MoPubSDKSpecs/Frameworks",
					"/Users/asha/Downloads/ParsePlatform-IntegratingFacebookTutorial-9c0212e/IntegratingFacebookTutorial-iOS",
				);
				GCC_PRECOMPILE_PREFIX_HEADER = YES;
				GCC_PREFIX_HEADER = "CrimeStopper/CrimeStopper-Prefix.pch";
				INFOPLIST_FILE = "CrimeStopper/CrimeStopper-Info.plist";
				IPHONEOS_DEPLOYMENT_TARGET = 7.0;
				LIBRARY_SEARCH_PATHS = (
					"$(inherited)",
					"$(PROJECT_DIR)/CrimeStopper/GoogleAdMob-iOS-SDK-master/Add-ons/GoogleAnalyticsiOS_2.0beta3/Library",
					"$(PROJECT_DIR)/CrimeStopper/GoogleAdMob-iOS-SDK-master",
				);
				PRODUCT_NAME = CrimeStopper;
				PROVISIONING_PROFILE = "E73F2791-882B-4600-8E82-3DCAA3909DE3";
				WRAPPER_EXTENSION = app;
			};
			name = Debug;
		};
		5E815ECF1940832700CEAFAB /* Release */ = {
			isa = XCBuildConfiguration;
			buildSettings = {
				ASSETCATALOG_COMPILER_APPICON_NAME = AppIcon;
				ASSETCATALOG_COMPILER_LAUNCHIMAGE_NAME = LaunchImage;
				CLANG_ENABLE_OBJC_ARC = YES;
				CODE_SIGN_IDENTITY = "iPhone Developer: Asha Sharma (E7M4FD9F9W)";
				FRAMEWORK_SEARCH_PATHS = (
					"$(inherited)",
					"$(PROJECT_DIR)/CrimeStopper/FacebookSDK",
					"$(PROJECT_DIR)/CrimeStopper/FacebookSDK/FBAudienceNetwork",
					/Users/asha/Downloads,
					/Users/asha/Documents/FacebookSDK,
					"$(PROJECT_DIR)/CrimeStopper/mopub-ios-sdk-master/Specs/MoPubSampleAppSpecs/SampleAppSpecs/Frameworks",
					"$(PROJECT_DIR)/CrimeStopper/mopub-ios-sdk-master/Specs/MoPubSDKSpecs/Frameworks",
					"/Users/asha/Downloads/ParsePlatform-IntegratingFacebookTutorial-9c0212e/IntegratingFacebookTutorial-iOS",
				);
				GCC_PRECOMPILE_PREFIX_HEADER = YES;
				GCC_PREFIX_HEADER = "CrimeStopper/CrimeStopper-Prefix.pch";
				INFOPLIST_FILE = "CrimeStopper/CrimeStopper-Info.plist";
				IPHONEOS_DEPLOYMENT_TARGET = 7.0;
				LIBRARY_SEARCH_PATHS = (
					"$(inherited)",
					"$(PROJECT_DIR)/CrimeStopper/GoogleAdMob-iOS-SDK-master/Add-ons/GoogleAnalyticsiOS_2.0beta3/Library",
					"$(PROJECT_DIR)/CrimeStopper/GoogleAdMob-iOS-SDK-master",
				);
				PRODUCT_NAME = CrimeStopper;
				PROVISIONING_PROFILE = "E73F2791-882B-4600-8E82-3DCAA3909DE3";
				WRAPPER_EXTENSION = app;
			};
			name = Release;
		};
		5E815ED11940832700CEAFAB /* Debug */ = {
			isa = XCBuildConfiguration;
			buildSettings = {
				BUNDLE_LOADER = "$(BUILT_PRODUCTS_DIR)/CrimeStopper.app/CrimeStopper";
				FRAMEWORK_SEARCH_PATHS = (
					"$(SDKROOT)/Developer/Library/Frameworks",
					"$(inherited)",
					"$(DEVELOPER_FRAMEWORKS_DIR)",
				);
				GCC_PRECOMPILE_PREFIX_HEADER = YES;
				GCC_PREFIX_HEADER = "CrimeStopper/CrimeStopper-Prefix.pch";
				GCC_PREPROCESSOR_DEFINITIONS = (
					"DEBUG=1",
					"$(inherited)",
				);
				INFOPLIST_FILE = "CrimeStopperTests/CrimeStopperTests-Info.plist";
				PRODUCT_NAME = CrimeStopperTests;
				TEST_HOST = "$(BUNDLE_LOADER)";
				WRAPPER_EXTENSION = xctest;
			};
			name = Debug;
		};
		5E815ED21940832700CEAFAB /* Release */ = {
			isa = XCBuildConfiguration;
			buildSettings = {
				BUNDLE_LOADER = "$(BUILT_PRODUCTS_DIR)/CrimeStopper.app/CrimeStopper";
				FRAMEWORK_SEARCH_PATHS = (
					"$(SDKROOT)/Developer/Library/Frameworks",
					"$(inherited)",
					"$(DEVELOPER_FRAMEWORKS_DIR)",
				);
				GCC_PRECOMPILE_PREFIX_HEADER = YES;
				GCC_PREFIX_HEADER = "CrimeStopper/CrimeStopper-Prefix.pch";
				INFOPLIST_FILE = "CrimeStopperTests/CrimeStopperTests-Info.plist";
				PRODUCT_NAME = CrimeStopperTests;
				TEST_HOST = "$(BUNDLE_LOADER)";
				WRAPPER_EXTENSION = xctest;
			};
			name = Release;
		};
/* End XCBuildConfiguration section */

/* Begin XCConfigurationList section */
		5E815E9C1940832700CEAFAB /* Build configuration list for PBXProject "CrimeStopper" */ = {
			isa = XCConfigurationList;
			buildConfigurations = (
				5E815ECB1940832700CEAFAB /* Debug */,
				5E815ECC1940832700CEAFAB /* Release */,
			);
			defaultConfigurationIsVisible = 0;
			defaultConfigurationName = Release;
		};
		5E815ECD1940832700CEAFAB /* Build configuration list for PBXNativeTarget "CrimeStopper" */ = {
			isa = XCConfigurationList;
			buildConfigurations = (
				5E815ECE1940832700CEAFAB /* Debug */,
				5E815ECF1940832700CEAFAB /* Release */,
			);
			defaultConfigurationIsVisible = 0;
			defaultConfigurationName = Release;
		};
		5E815ED01940832700CEAFAB /* Build configuration list for PBXNativeTarget "CrimeStopperTests" */ = {
			isa = XCConfigurationList;
			buildConfigurations = (
				5E815ED11940832700CEAFAB /* Debug */,
				5E815ED21940832700CEAFAB /* Release */,
			);
			defaultConfigurationIsVisible = 0;
			defaultConfigurationName = Release;
		};
/* End XCConfigurationList section */
	};
	rootObject = 5E815E991940832700CEAFAB /* Project object */;
}
